
Microsoft Visual Studio Solution File, Format Version 12.00
# Visual Studio 15
VisualStudioVersion = 15.0.26430.6
MinimumVisualStudioVersion = 10.0.40219.1
Project("{FAE04EC0-301F-11D3-BF4B-00C04F79EFBC}") = "01zadanie", "01zadanie\01zadanie.csproj", "{140D1CCE-F707-4C4A-B613-804FFE2C76B0}"
EndProject
Project("{FAE04EC0-301F-11D3-BF4B-00C04F79EFBC}") = "02zadanie", "02zadanie\02zadanie.csproj", "{48EC803B-A52D-4312-A853-FBE0F1178D84}"
EndProject
Project("{FAE04EC0-301F-11D3-BF4B-00C04F79EFBC}") = "06zadanie", "06zadanie\06zadanie.csproj", "{AB16056E-E726-4791-9125-F8D2E59646C2}"
EndProject
Project("{FAE04EC0-301F-11D3-BF4B-00C04F79EFBC}") = "07zadanie", "07zadanie\07zadanie.csproj", "{83FFE29F-A752-4B6E-A1E8-3840182AEB04}"
EndProject
Project("{FAE04EC0-301F-11D3-BF4B-00C04F79EFBC}") = "15zadanie", "15zadanie\15zadanie.csproj", "{2A910FAF-475A-4CB5-B97F-7A58D6EBC3D2}"
EndProject
Project("{FAE04EC0-301F-11D3-BF4B-00C04F79EFBC}") = "03zadanie", "03zadanie\03zadanie.csproj", "{F48EE298-7EF7-4EAD-A4C5-BEC79CC94CE5}"
EndProject
Project("{FAE04EC0-301F-11D3-BF4B-00C04F79EFBC}") = "04zadanie", "04zadanie\04zadanie.csproj", "{217C1E98-BBD6-4B11-B48A-460341B06479}"
EndProject
Project("{FAE04EC0-301F-11D3-BF4B-00C04F79EFBC}") = "05zadanie", "05zadanie\05zadanie.csproj", "{72F15248-C201-4C99-8666-A54E71D0B6B5}"
EndProject
Project("{FAE04EC0-301F-11D3-BF4B-00C04F79EFBC}") = "08zadanie", "08zadanie\08zadanie.csproj", "{1B7066D9-8586-4AB7-A5B7-D2008FFFE5B0}"
EndProject
Project("{FAE04EC0-301F-11D3-BF4B-00C04F79EFBC}") = "09zadanie", "09zadanie\09zadanie.csproj", "{3CA09C9C-5499-49A3-B127-5E7B598285FD}"
EndProject
Project("{FAE04EC0-301F-11D3-BF4B-00C04F79EFBC}") = "11zadanie", "11zadanie\11zadanie.csproj", "{72152FF9-2E9E-4F54-9EB9-6EB0EF719018}"
EndProject
Project("{FAE04EC0-301F-11D3-BF4B-00C04F79EFBC}") = "10zadanie", "10zadanie\10zadanie.csproj", "{6AFC49D6-26AF-41C9-8FA1-C333A3C4C446}"
EndProject
Project("{FAE04EC0-301F-11D3-BF4B-00C04F79EFBC}") = "12zadanie", "12zadanie\12zadanie.csproj", "{C05A18C1-2C95-44AF-9166-20324B32905D}"
EndProject
Project("{FAE04EC0-301F-11D3-BF4B-00C04F79EFBC}") = "13_zadanie", "13_zadanie\13_zadanie.csproj", "{C308094F-F27F-4128-B64A-9CBB79EBDAFD}"
EndProject
Project("{FAE04EC0-301F-11D3-BF4B-00C04F79EFBC}") = "14zadanie", "14zadanie\14zadanie.csproj", "{6D1BC043-0AE2-48F1-81F3-38452D096AA0}"
EndProject
Project("{FAE04EC0-301F-11D3-BF4B-00C04F79EFBC}") = "16zadanie", "16zadanie\16zadanie.csproj", "{706D0CDB-1160-4AFA-BE63-99EEE7A39E80}"
EndProject
Project("{FAE04EC0-301F-11D3-BF4B-00C04F79EFBC}") = "17zadanie", "17zadanie\17zadanie.csproj", "{B78DD0C4-57D7-4D84-9861-64B8E2A48672}"
EndProject
Project("{FAE04EC0-301F-11D3-BF4B-00C04F79EFBC}") = "18zadanie", "18zadanie\18zadanie.csproj", "{C0249C7D-AFBD-4FAE-A3D5-2744C96157E6}"
EndProject
Project("{FAE04EC0-301F-11D3-BF4B-00C04F79EFBC}") = "19zadanie", "19zadanie\19zadanie.csproj", "{EE8DBB77-11AC-441B-A87B-587C45977E66}"
EndProject
Project("{FAE04EC0-301F-11D3-BF4B-00C04F79EFBC}") = "20zadanie", "20zadanie\20zadanie.csproj", "{C83CC56B-1C7F-43E9-956F-065782D6C76F}"
EndProject
Project("{FAE04EC0-301F-11D3-BF4B-00C04F79EFBC}") = "21zadanie", "21zadanie\21zadanie.csproj", "{28FB13D4-C9FA-4A46-B7D0-9FA2D52679F0}"
EndProject
Project("{FAE04EC0-301F-11D3-BF4B-00C04F79EFBC}") = "22zadanie", "22zadanie\22zadanie.csproj", "{459D9B70-C483-4E25-9BA5-4AD4918E059F}"
EndProject
Project("{FAE04EC0-301F-11D3-BF4B-00C04F79EFBC}") = "23zadanie", "23zadanie\23zadanie.csproj", "{4E9E2F37-A4D5-4298-A44E-239110ED3690}"
EndProject
Project("{FAE04EC0-301F-11D3-BF4B-00C04F79EFBC}") = "26zadanie", "26zadanie\26zadanie.csproj", "{2C47AB37-408B-4602-A1E0-D273D4465975}"
EndProject
Project("{FAE04EC0-301F-11D3-BF4B-00C04F79EFBC}") = "24zadanie", "24zadanie\24zadanie.csproj", "{3BB72477-12B7-4C04-B9C9-BC0769384090}"
EndProject
Project("{FAE04EC0-301F-11D3-BF4B-00C04F79EFBC}") = "25zadanie", "25zadanie\25zadanie.csproj", "{FF930A05-72AF-467A-A0AC-2FDD252E093B}"
EndProject
Global
	GlobalSection(SolutionConfigurationPlatforms) = preSolution
		Debug|Any CPU = Debug|Any CPU
		Release|Any CPU = Release|Any CPU
	EndGlobalSection
	GlobalSection(ProjectConfigurationPlatforms) = postSolution
		{140D1CCE-F707-4C4A-B613-804FFE2C76B0}.Debug|Any CPU.ActiveCfg = Debug|Any CPU
		{140D1CCE-F707-4C4A-B613-804FFE2C76B0}.Debug|Any CPU.Build.0 = Debug|Any CPU
		{140D1CCE-F707-4C4A-B613-804FFE2C76B0}.Release|Any CPU.ActiveCfg = Release|Any CPU
		{140D1CCE-F707-4C4A-B613-804FFE2C76B0}.Release|Any CPU.Build.0 = Release|Any CPU
		{48EC803B-A52D-4312-A853-FBE0F1178D84}.Debug|Any CPU.ActiveCfg = Debug|Any CPU
		{48EC803B-A52D-4312-A853-FBE0F1178D84}.Debug|Any CPU.Build.0 = Debug|Any CPU
		{48EC803B-A52D-4312-A853-FBE0F1178D84}.Release|Any CPU.ActiveCfg = Release|Any CPU
		{48EC803B-A52D-4312-A853-FBE0F1178D84}.Release|Any CPU.Build.0 = Release|Any CPU
		{AB16056E-E726-4791-9125-F8D2E59646C2}.Debug|Any CPU.ActiveCfg = Debug|Any CPU
		{AB16056E-E726-4791-9125-F8D2E59646C2}.Debug|Any CPU.Build.0 = Debug|Any CPU
		{AB16056E-E726-4791-9125-F8D2E59646C2}.Release|Any CPU.ActiveCfg = Release|Any CPU
		{AB16056E-E726-4791-9125-F8D2E59646C2}.Release|Any CPU.Build.0 = Release|Any CPU
		{83FFE29F-A752-4B6E-A1E8-3840182AEB04}.Debug|Any CPU.ActiveCfg = Debug|Any CPU
		{83FFE29F-A752-4B6E-A1E8-3840182AEB04}.Debug|Any CPU.Build.0 = Debug|Any CPU
		{83FFE29F-A752-4B6E-A1E8-3840182AEB04}.Release|Any CPU.ActiveCfg = Release|Any CPU
		{83FFE29F-A752-4B6E-A1E8-3840182AEB04}.Release|Any CPU.Build.0 = Release|Any CPU
		{2A910FAF-475A-4CB5-B97F-7A58D6EBC3D2}.Debug|Any CPU.ActiveCfg = Debug|Any CPU
		{2A910FAF-475A-4CB5-B97F-7A58D6EBC3D2}.Debug|Any CPU.Build.0 = Debug|Any CPU
		{2A910FAF-475A-4CB5-B97F-7A58D6EBC3D2}.Release|Any CPU.ActiveCfg = Release|Any CPU
		{2A910FAF-475A-4CB5-B97F-7A58D6EBC3D2}.Release|Any CPU.Build.0 = Release|Any CPU
		{F48EE298-7EF7-4EAD-A4C5-BEC79CC94CE5}.Debug|Any CPU.ActiveCfg = Debug|Any CPU
		{F48EE298-7EF7-4EAD-A4C5-BEC79CC94CE5}.Debug|Any CPU.Build.0 = Debug|Any CPU
		{F48EE298-7EF7-4EAD-A4C5-BEC79CC94CE5}.Release|Any CPU.ActiveCfg = Release|Any CPU
		{F48EE298-7EF7-4EAD-A4C5-BEC79CC94CE5}.Release|Any CPU.Build.0 = Release|Any CPU
		{217C1E98-BBD6-4B11-B48A-460341B06479}.Debug|Any CPU.ActiveCfg = Debug|Any CPU
		{217C1E98-BBD6-4B11-B48A-460341B06479}.Debug|Any CPU.Build.0 = Debug|Any CPU
		{217C1E98-BBD6-4B11-B48A-460341B06479}.Release|Any CPU.ActiveCfg = Release|Any CPU
		{217C1E98-BBD6-4B11-B48A-460341B06479}.Release|Any CPU.Build.0 = Release|Any CPU
		{72F15248-C201-4C99-8666-A54E71D0B6B5}.Debug|Any CPU.ActiveCfg = Debug|Any CPU
		{72F15248-C201-4C99-8666-A54E71D0B6B5}.Debug|Any CPU.Build.0 = Debug|Any CPU
		{72F15248-C201-4C99-8666-A54E71D0B6B5}.Release|Any CPU.ActiveCfg = Release|Any CPU
		{72F15248-C201-4C99-8666-A54E71D0B6B5}.Release|Any CPU.Build.0 = Release|Any CPU
		{1B7066D9-8586-4AB7-A5B7-D2008FFFE5B0}.Debug|Any CPU.ActiveCfg = Debug|Any CPU
		{1B7066D9-8586-4AB7-A5B7-D2008FFFE5B0}.Debug|Any CPU.Build.0 = Debug|Any CPU
		{1B7066D9-8586-4AB7-A5B7-D2008FFFE5B0}.Release|Any CPU.ActiveCfg = Release|Any CPU
		{1B7066D9-8586-4AB7-A5B7-D2008FFFE5B0}.Release|Any CPU.Build.0 = Release|Any CPU
		{3CA09C9C-5499-49A3-B127-5E7B598285FD}.Debug|Any CPU.ActiveCfg = Debug|Any CPU
		{3CA09C9C-5499-49A3-B127-5E7B598285FD}.Debug|Any CPU.Build.0 = Debug|Any CPU
		{3CA09C9C-5499-49A3-B127-5E7B598285FD}.Release|Any CPU.ActiveCfg = Release|Any CPU
		{3CA09C9C-5499-49A3-B127-5E7B598285FD}.Release|Any CPU.Build.0 = Release|Any CPU
		{72152FF9-2E9E-4F54-9EB9-6EB0EF719018}.Debug|Any CPU.ActiveCfg = Debug|Any CPU
		{72152FF9-2E9E-4F54-9EB9-6EB0EF719018}.Debug|Any CPU.Build.0 = Debug|Any CPU
		{72152FF9-2E9E-4F54-9EB9-6EB0EF719018}.Release|Any CPU.ActiveCfg = Release|Any CPU
		{72152FF9-2E9E-4F54-9EB9-6EB0EF719018}.Release|Any CPU.Build.0 = Release|Any CPU
		{6AFC49D6-26AF-41C9-8FA1-C333A3C4C446}.Debug|Any CPU.ActiveCfg = Debug|Any CPU
		{6AFC49D6-26AF-41C9-8FA1-C333A3C4C446}.Debug|Any CPU.Build.0 = Debug|Any CPU
		{6AFC49D6-26AF-41C9-8FA1-C333A3C4C446}.Release|Any CPU.ActiveCfg = Release|Any CPU
		{6AFC49D6-26AF-41C9-8FA1-C333A3C4C446}.Release|Any CPU.Build.0 = Release|Any CPU
		{C05A18C1-2C95-44AF-9166-20324B32905D}.Debug|Any CPU.ActiveCfg = Debug|Any CPU
		{C05A18C1-2C95-44AF-9166-20324B32905D}.Debug|Any CPU.Build.0 = Debug|Any CPU
		{C05A18C1-2C95-44AF-9166-20324B32905D}.Release|Any CPU.ActiveCfg = Release|Any CPU
		{C05A18C1-2C95-44AF-9166-20324B32905D}.Release|Any CPU.Build.0 = Release|Any CPU
		{C308094F-F27F-4128-B64A-9CBB79EBDAFD}.Debug|Any CPU.ActiveCfg = Debug|Any CPU
		{C308094F-F27F-4128-B64A-9CBB79EBDAFD}.Debug|Any CPU.Build.0 = Debug|Any CPU
		{C308094F-F27F-4128-B64A-9CBB79EBDAFD}.Release|Any CPU.ActiveCfg = Release|Any CPU
		{C308094F-F27F-4128-B64A-9CBB79EBDAFD}.Release|Any CPU.Build.0 = Release|Any CPU
		{6D1BC043-0AE2-48F1-81F3-38452D096AA0}.Debug|Any CPU.ActiveCfg = Debug|Any CPU
		{6D1BC043-0AE2-48F1-81F3-38452D096AA0}.Debug|Any CPU.Build.0 = Debug|Any CPU
		{6D1BC043-0AE2-48F1-81F3-38452D096AA0}.Release|Any CPU.ActiveCfg = Release|Any CPU
		{6D1BC043-0AE2-48F1-81F3-38452D096AA0}.Release|Any CPU.Build.0 = Release|Any CPU
		{706D0CDB-1160-4AFA-BE63-99EEE7A39E80}.Debug|Any CPU.ActiveCfg = Debug|Any CPU
		{706D0CDB-1160-4AFA-BE63-99EEE7A39E80}.Debug|Any CPU.Build.0 = Debug|Any CPU
		{706D0CDB-1160-4AFA-BE63-99EEE7A39E80}.Release|Any CPU.ActiveCfg = Release|Any CPU
		{706D0CDB-1160-4AFA-BE63-99EEE7A39E80}.Release|Any CPU.Build.0 = Release|Any CPU
		{B78DD0C4-57D7-4D84-9861-64B8E2A48672}.Debug|Any CPU.ActiveCfg = Debug|Any CPU
		{B78DD0C4-57D7-4D84-9861-64B8E2A48672}.Debug|Any CPU.Build.0 = Debug|Any CPU
		{B78DD0C4-57D7-4D84-9861-64B8E2A48672}.Release|Any CPU.ActiveCfg = Release|Any CPU
		{B78DD0C4-57D7-4D84-9861-64B8E2A48672}.Release|Any CPU.Build.0 = Release|Any CPU
		{C0249C7D-AFBD-4FAE-A3D5-2744C96157E6}.Debug|Any CPU.ActiveCfg = Debug|Any CPU
		{C0249C7D-AFBD-4FAE-A3D5-2744C96157E6}.Debug|Any CPU.Build.0 = Debug|Any CPU
		{C0249C7D-AFBD-4FAE-A3D5-2744C96157E6}.Release|Any CPU.ActiveCfg = Release|Any CPU
		{C0249C7D-AFBD-4FAE-A3D5-2744C96157E6}.Release|Any CPU.Build.0 = Release|Any CPU
		{EE8DBB77-11AC-441B-A87B-587C45977E66}.Debug|Any CPU.ActiveCfg = Debug|Any CPU
		{EE8DBB77-11AC-441B-A87B-587C45977E66}.Debug|Any CPU.Build.0 = Debug|Any CPU
		{EE8DBB77-11AC-441B-A87B-587C45977E66}.Release|Any CPU.ActiveCfg = Release|Any CPU
		{EE8DBB77-11AC-441B-A87B-587C45977E66}.Release|Any CPU.Build.0 = Release|Any CPU
		{C83CC56B-1C7F-43E9-956F-065782D6C76F}.Debug|Any CPU.ActiveCfg = Debug|Any CPU
		{C83CC56B-1C7F-43E9-956F-065782D6C76F}.Debug|Any CPU.Build.0 = Debug|Any CPU
		{C83CC56B-1C7F-43E9-956F-065782D6C76F}.Release|Any CPU.ActiveCfg = Release|Any CPU
		{C83CC56B-1C7F-43E9-956F-065782D6C76F}.Release|Any CPU.Build.0 = Release|Any CPU
		{28FB13D4-C9FA-4A46-B7D0-9FA2D52679F0}.Debug|Any CPU.ActiveCfg = Debug|Any CPU
		{28FB13D4-C9FA-4A46-B7D0-9FA2D52679F0}.Debug|Any CPU.Build.0 = Debug|Any CPU
		{28FB13D4-C9FA-4A46-B7D0-9FA2D52679F0}.Release|Any CPU.ActiveCfg = Release|Any CPU
		{28FB13D4-C9FA-4A46-B7D0-9FA2D52679F0}.Release|Any CPU.Build.0 = Release|Any CPU
		{459D9B70-C483-4E25-9BA5-4AD4918E059F}.Debug|Any CPU.ActiveCfg = Debug|Any CPU
		{459D9B70-C483-4E25-9BA5-4AD4918E059F}.Debug|Any CPU.Build.0 = Debug|Any CPU
		{459D9B70-C483-4E25-9BA5-4AD4918E059F}.Release|Any CPU.ActiveCfg = Release|Any CPU
		{459D9B70-C483-4E25-9BA5-4AD4918E059F}.Release|Any CPU.Build.0 = Release|Any CPU
		{4E9E2F37-A4D5-4298-A44E-239110ED3690}.Debug|Any CPU.ActiveCfg = Debug|Any CPU
		{4E9E2F37-A4D5-4298-A44E-239110ED3690}.Debug|Any CPU.Build.0 = Debug|Any CPU
		{4E9E2F37-A4D5-4298-A44E-239110ED3690}.Release|Any CPU.ActiveCfg = Release|Any CPU
		{4E9E2F37-A4D5-4298-A44E-239110ED3690}.Release|Any CPU.Build.0 = Release|Any CPU
		{2C47AB37-408B-4602-A1E0-D273D4465975}.Debug|Any CPU.ActiveCfg = Debug|Any CPU
		{2C47AB37-408B-4602-A1E0-D273D4465975}.Debug|Any CPU.Build.0 = Debug|Any CPU
		{2C47AB37-408B-4602-A1E0-D273D4465975}.Release|Any CPU.ActiveCfg = Release|Any CPU
		{2C47AB37-408B-4602-A1E0-D273D4465975}.Release|Any CPU.Build.0 = Release|Any CPU
		{3BB72477-12B7-4C04-B9C9-BC0769384090}.Debug|Any CPU.ActiveCfg = Debug|Any CPU
		{3BB72477-12B7-4C04-B9C9-BC0769384090}.Debug|Any CPU.Build.0 = Debug|Any CPU
		{3BB72477-12B7-4C04-B9C9-BC0769384090}.Release|Any CPU.ActiveCfg = Release|Any CPU
		{3BB72477-12B7-4C04-B9C9-BC0769384090}.Release|Any CPU.Build.0 = Release|Any CPU
		{FF930A05-72AF-467A-A0AC-2FDD252E093B}.Debug|Any CPU.ActiveCfg = Debug|Any CPU
		{FF930A05-72AF-467A-A0AC-2FDD252E093B}.Debug|Any CPU.Build.0 = Debug|Any CPU
		{FF930A05-72AF-467A-A0AC-2FDD252E093B}.Release|Any CPU.ActiveCfg = Release|Any CPU
		{FF930A05-72AF-467A-A0AC-2FDD252E093B}.Release|Any CPU.Build.0 = Release|Any CPU
	EndGlobalSection
	GlobalSection(SolutionProperties) = preSolution
		HideSolutionNode = FALSE
	EndGlobalSection
EndGlobal
