
Microsoft Visual Studio Solution File, Format Version 12.00
# Visual Studio 15
VisualStudioVersion = 15.0.26430.6
MinimumVisualStudioVersion = 10.0.40219.1
Project("{FAE04EC0-301F-11D3-BF4B-00C04F79EFBC}") = "05лабораторная", "05лабораторная\05лабораторная.csproj", "{06ABC8C8-DE9D-4C2B-92EC-60AACC40CB01}"
EndProject
Project("{FAE04EC0-301F-11D3-BF4B-00C04F79EFBC}") = "02zadanie", "02zadanie\02zadanie.csproj", "{4B3F1FD1-971E-40CD-BA70-2579A7A5C260}"
EndProject
Project("{FAE04EC0-301F-11D3-BF4B-00C04F79EFBC}") = "03zadanie", "03zadanie\03zadanie.csproj", "{CD821281-C2CB-40D2-9583-F62B526172F1}"
EndProject
Project("{FAE04EC0-301F-11D3-BF4B-00C04F79EFBC}") = "05zadanie", "05zadanie\05zadanie.csproj", "{E75BB977-7B19-46A4-8FA2-7C1228FA67E3}"
EndProject
Project("{FAE04EC0-301F-11D3-BF4B-00C04F79EFBC}") = "11zadanie", "11zadanie\11zadanie.csproj", "{42B8D585-CD93-41CB-9BBA-01A253F4446D}"
EndProject
Project("{FAE04EC0-301F-11D3-BF4B-00C04F79EFBC}") = "13zadanie", "13zadanie\13zadanie.csproj", "{4F5AE09A-D9E6-4F78-85E6-7F23C90884CF}"
EndProject
Project("{FAE04EC0-301F-11D3-BF4B-00C04F79EFBC}") = "12zadanie", "12zadanie\12zadanie.csproj", "{89893C8D-5A26-4478-A0CF-E77C9E865CCA}"
EndProject
Project("{FAE04EC0-301F-11D3-BF4B-00C04F79EFBC}") = "18zadanie", "18zadanie\18zadanie.csproj", "{DA90676D-202E-4FCC-9AC6-D96751907618}"
EndProject
Project("{FAE04EC0-301F-11D3-BF4B-00C04F79EFBC}") = "04zadanie", "04zadanie\04zadanie.csproj", "{2CE41F20-DF6A-4068-8512-2825730DE76E}"
EndProject
Project("{FAE04EC0-301F-11D3-BF4B-00C04F79EFBC}") = "06zadanie", "06zadanie\06zadanie.csproj", "{4C1492A6-3029-4F4E-9E8D-CA371AA82E17}"
EndProject
Project("{FAE04EC0-301F-11D3-BF4B-00C04F79EFBC}") = "07zadanie", "07zadanie\07zadanie.csproj", "{BC25ADF1-2AAB-4767-BA42-CA7E4D8D5F44}"
EndProject
Project("{FAE04EC0-301F-11D3-BF4B-00C04F79EFBC}") = "08zadanie", "08zadanie\08zadanie.csproj", "{5FAC0556-A90C-4234-9628-10721EC6FC05}"
EndProject
Project("{FAE04EC0-301F-11D3-BF4B-00C04F79EFBC}") = "09zadanie", "09zadanie\09zadanie.csproj", "{B0137EA0-0C5A-48AA-A761-BC498EA379C1}"
EndProject
Project("{FAE04EC0-301F-11D3-BF4B-00C04F79EFBC}") = "10zadanie", "10zadanie\10zadanie.csproj", "{CD7A667D-A14C-4808-994E-EDD81F6D379A}"
EndProject
Project("{FAE04EC0-301F-11D3-BF4B-00C04F79EFBC}") = "14zadanie", "14zadanie\14zadanie.csproj", "{7F69BF54-A17A-4BE6-8778-3458D9304D34}"
EndProject
Project("{FAE04EC0-301F-11D3-BF4B-00C04F79EFBC}") = "15zadanie", "15zadanie\15zadanie.csproj", "{5B1EE2CD-043A-46DB-9143-0E6FB53CBA49}"
EndProject
Project("{FAE04EC0-301F-11D3-BF4B-00C04F79EFBC}") = "16zadanie", "16zadanie\16zadanie.csproj", "{56A28FE5-945E-439D-BE81-1A5433A1CAE1}"
EndProject
Project("{FAE04EC0-301F-11D3-BF4B-00C04F79EFBC}") = "17zadanie", "17zadanie\17zadanie.csproj", "{D4F49704-8E55-4A76-9DDF-378AF0C45F8B}"
EndProject
Project("{FAE04EC0-301F-11D3-BF4B-00C04F79EFBC}") = "19zadanie", "19zadanie\19zadanie.csproj", "{40155F2D-DF53-4E1C-BF53-B0AD7D76C200}"
EndProject
Project("{FAE04EC0-301F-11D3-BF4B-00C04F79EFBC}") = "20zadanie", "20zadanie\20zadanie.csproj", "{973FE6CA-3315-4A5D-B332-10619EC23966}"
EndProject
Project("{FAE04EC0-301F-11D3-BF4B-00C04F79EFBC}") = "21zadanie", "21zadanie\21zadanie.csproj", "{1A112903-C6C3-4BAE-BB90-4A2AB55B939B}"
EndProject
Project("{FAE04EC0-301F-11D3-BF4B-00C04F79EFBC}") = "22zadanie", "22zadanie\22zadanie.csproj", "{3A14761C-7A3F-47E3-9ABB-274589DB0381}"
EndProject
Project("{FAE04EC0-301F-11D3-BF4B-00C04F79EFBC}") = "23zadanie", "23zadanie\23zadanie.csproj", "{6CE9A2B8-BECD-4E61-9EBA-D36D14E0B91D}"
EndProject
Project("{FAE04EC0-301F-11D3-BF4B-00C04F79EFBC}") = "24zadanie", "24zadanie\24zadanie.csproj", "{6D503125-AD00-4671-A7DD-9DBC744CE836}"
EndProject
Project("{FAE04EC0-301F-11D3-BF4B-00C04F79EFBC}") = "25zadanie", "25zadanie\25zadanie.csproj", "{70FB2F0F-B956-4304-A3D9-5B643978ABBA}"
EndProject
Project("{FAE04EC0-301F-11D3-BF4B-00C04F79EFBC}") = "26zadanie", "26zadanie\26zadanie.csproj", "{B96E0C5A-9EA7-458F-84A7-A5C68091FAE6}"
EndProject
Project("{FAE04EC0-301F-11D3-BF4B-00C04F79EFBC}") = "27zadanie", "27zadanie\27zadanie.csproj", "{F9EAC7A5-EC23-4D70-AA94-27EEF43EE0C0}"
EndProject
Project("{FAE04EC0-301F-11D3-BF4B-00C04F79EFBC}") = "28zadanie", "28zadanie\28zadanie.csproj", "{1BB8529C-2529-41ED-96F9-E8BA88C2CF0F}"
EndProject
Project("{FAE04EC0-301F-11D3-BF4B-00C04F79EFBC}") = "29zadanie", "29zadanie\29zadanie.csproj", "{BCC9353B-121F-44B2-8D7C-8E841866A791}"
EndProject
Project("{FAE04EC0-301F-11D3-BF4B-00C04F79EFBC}") = "30zadanie", "30zadanie\30zadanie.csproj", "{91387D4B-E0B1-4BC2-9CDA-CFD4CA593ADC}"
EndProject
Project("{FAE04EC0-301F-11D3-BF4B-00C04F79EFBC}") = "31zadanie", "31zadanie\31zadanie.csproj", "{44739D29-75C8-421D-BB67-B6E9F747191C}"
EndProject
Project("{FAE04EC0-301F-11D3-BF4B-00C04F79EFBC}") = "32zadanie", "32zadanie\32zadanie.csproj", "{0F72B1CE-B5FB-41E7-B041-1095F0633F94}"
EndProject
Project("{FAE04EC0-301F-11D3-BF4B-00C04F79EFBC}") = "33zadanie", "33zadanie\33zadanie.csproj", "{9F378959-F3C1-41BB-B802-677E9C2EC848}"
EndProject
Project("{FAE04EC0-301F-11D3-BF4B-00C04F79EFBC}") = "34zadanie", "34zadanie\34zadanie.csproj", "{0FB5911B-C106-4A32-801A-385FDA21A644}"
EndProject
Global
	GlobalSection(SolutionConfigurationPlatforms) = preSolution
		Debug|Any CPU = Debug|Any CPU
		Release|Any CPU = Release|Any CPU
	EndGlobalSection
	GlobalSection(ProjectConfigurationPlatforms) = postSolution
		{06ABC8C8-DE9D-4C2B-92EC-60AACC40CB01}.Debug|Any CPU.ActiveCfg = Debug|Any CPU
		{06ABC8C8-DE9D-4C2B-92EC-60AACC40CB01}.Debug|Any CPU.Build.0 = Debug|Any CPU
		{06ABC8C8-DE9D-4C2B-92EC-60AACC40CB01}.Release|Any CPU.ActiveCfg = Release|Any CPU
		{06ABC8C8-DE9D-4C2B-92EC-60AACC40CB01}.Release|Any CPU.Build.0 = Release|Any CPU
		{4B3F1FD1-971E-40CD-BA70-2579A7A5C260}.Debug|Any CPU.ActiveCfg = Debug|Any CPU
		{4B3F1FD1-971E-40CD-BA70-2579A7A5C260}.Debug|Any CPU.Build.0 = Debug|Any CPU
		{4B3F1FD1-971E-40CD-BA70-2579A7A5C260}.Release|Any CPU.ActiveCfg = Release|Any CPU
		{4B3F1FD1-971E-40CD-BA70-2579A7A5C260}.Release|Any CPU.Build.0 = Release|Any CPU
		{CD821281-C2CB-40D2-9583-F62B526172F1}.Debug|Any CPU.ActiveCfg = Debug|Any CPU
		{CD821281-C2CB-40D2-9583-F62B526172F1}.Debug|Any CPU.Build.0 = Debug|Any CPU
		{CD821281-C2CB-40D2-9583-F62B526172F1}.Release|Any CPU.ActiveCfg = Release|Any CPU
		{CD821281-C2CB-40D2-9583-F62B526172F1}.Release|Any CPU.Build.0 = Release|Any CPU
		{E75BB977-7B19-46A4-8FA2-7C1228FA67E3}.Debug|Any CPU.ActiveCfg = Debug|Any CPU
		{E75BB977-7B19-46A4-8FA2-7C1228FA67E3}.Debug|Any CPU.Build.0 = Debug|Any CPU
		{E75BB977-7B19-46A4-8FA2-7C1228FA67E3}.Release|Any CPU.ActiveCfg = Release|Any CPU
		{E75BB977-7B19-46A4-8FA2-7C1228FA67E3}.Release|Any CPU.Build.0 = Release|Any CPU
		{42B8D585-CD93-41CB-9BBA-01A253F4446D}.Debug|Any CPU.ActiveCfg = Debug|Any CPU
		{42B8D585-CD93-41CB-9BBA-01A253F4446D}.Debug|Any CPU.Build.0 = Debug|Any CPU
		{42B8D585-CD93-41CB-9BBA-01A253F4446D}.Release|Any CPU.ActiveCfg = Release|Any CPU
		{42B8D585-CD93-41CB-9BBA-01A253F4446D}.Release|Any CPU.Build.0 = Release|Any CPU
		{4F5AE09A-D9E6-4F78-85E6-7F23C90884CF}.Debug|Any CPU.ActiveCfg = Debug|Any CPU
		{4F5AE09A-D9E6-4F78-85E6-7F23C90884CF}.Debug|Any CPU.Build.0 = Debug|Any CPU
		{4F5AE09A-D9E6-4F78-85E6-7F23C90884CF}.Release|Any CPU.ActiveCfg = Release|Any CPU
		{4F5AE09A-D9E6-4F78-85E6-7F23C90884CF}.Release|Any CPU.Build.0 = Release|Any CPU
		{89893C8D-5A26-4478-A0CF-E77C9E865CCA}.Debug|Any CPU.ActiveCfg = Debug|Any CPU
		{89893C8D-5A26-4478-A0CF-E77C9E865CCA}.Debug|Any CPU.Build.0 = Debug|Any CPU
		{89893C8D-5A26-4478-A0CF-E77C9E865CCA}.Release|Any CPU.ActiveCfg = Release|Any CPU
		{89893C8D-5A26-4478-A0CF-E77C9E865CCA}.Release|Any CPU.Build.0 = Release|Any CPU
		{DA90676D-202E-4FCC-9AC6-D96751907618}.Debug|Any CPU.ActiveCfg = Debug|Any CPU
		{DA90676D-202E-4FCC-9AC6-D96751907618}.Debug|Any CPU.Build.0 = Debug|Any CPU
		{DA90676D-202E-4FCC-9AC6-D96751907618}.Release|Any CPU.ActiveCfg = Release|Any CPU
		{DA90676D-202E-4FCC-9AC6-D96751907618}.Release|Any CPU.Build.0 = Release|Any CPU
		{2CE41F20-DF6A-4068-8512-2825730DE76E}.Debug|Any CPU.ActiveCfg = Debug|Any CPU
		{2CE41F20-DF6A-4068-8512-2825730DE76E}.Debug|Any CPU.Build.0 = Debug|Any CPU
		{2CE41F20-DF6A-4068-8512-2825730DE76E}.Release|Any CPU.ActiveCfg = Release|Any CPU
		{2CE41F20-DF6A-4068-8512-2825730DE76E}.Release|Any CPU.Build.0 = Release|Any CPU
		{4C1492A6-3029-4F4E-9E8D-CA371AA82E17}.Debug|Any CPU.ActiveCfg = Debug|Any CPU
		{4C1492A6-3029-4F4E-9E8D-CA371AA82E17}.Debug|Any CPU.Build.0 = Debug|Any CPU
		{4C1492A6-3029-4F4E-9E8D-CA371AA82E17}.Release|Any CPU.ActiveCfg = Release|Any CPU
		{4C1492A6-3029-4F4E-9E8D-CA371AA82E17}.Release|Any CPU.Build.0 = Release|Any CPU
		{BC25ADF1-2AAB-4767-BA42-CA7E4D8D5F44}.Debug|Any CPU.ActiveCfg = Debug|Any CPU
		{BC25ADF1-2AAB-4767-BA42-CA7E4D8D5F44}.Debug|Any CPU.Build.0 = Debug|Any CPU
		{BC25ADF1-2AAB-4767-BA42-CA7E4D8D5F44}.Release|Any CPU.ActiveCfg = Release|Any CPU
		{BC25ADF1-2AAB-4767-BA42-CA7E4D8D5F44}.Release|Any CPU.Build.0 = Release|Any CPU
		{5FAC0556-A90C-4234-9628-10721EC6FC05}.Debug|Any CPU.ActiveCfg = Debug|Any CPU
		{5FAC0556-A90C-4234-9628-10721EC6FC05}.Debug|Any CPU.Build.0 = Debug|Any CPU
		{5FAC0556-A90C-4234-9628-10721EC6FC05}.Release|Any CPU.ActiveCfg = Release|Any CPU
		{5FAC0556-A90C-4234-9628-10721EC6FC05}.Release|Any CPU.Build.0 = Release|Any CPU
		{B0137EA0-0C5A-48AA-A761-BC498EA379C1}.Debug|Any CPU.ActiveCfg = Debug|Any CPU
		{B0137EA0-0C5A-48AA-A761-BC498EA379C1}.Debug|Any CPU.Build.0 = Debug|Any CPU
		{B0137EA0-0C5A-48AA-A761-BC498EA379C1}.Release|Any CPU.ActiveCfg = Release|Any CPU
		{B0137EA0-0C5A-48AA-A761-BC498EA379C1}.Release|Any CPU.Build.0 = Release|Any CPU
		{CD7A667D-A14C-4808-994E-EDD81F6D379A}.Debug|Any CPU.ActiveCfg = Debug|Any CPU
		{CD7A667D-A14C-4808-994E-EDD81F6D379A}.Debug|Any CPU.Build.0 = Debug|Any CPU
		{CD7A667D-A14C-4808-994E-EDD81F6D379A}.Release|Any CPU.ActiveCfg = Release|Any CPU
		{CD7A667D-A14C-4808-994E-EDD81F6D379A}.Release|Any CPU.Build.0 = Release|Any CPU
		{7F69BF54-A17A-4BE6-8778-3458D9304D34}.Debug|Any CPU.ActiveCfg = Debug|Any CPU
		{7F69BF54-A17A-4BE6-8778-3458D9304D34}.Debug|Any CPU.Build.0 = Debug|Any CPU
		{7F69BF54-A17A-4BE6-8778-3458D9304D34}.Release|Any CPU.ActiveCfg = Release|Any CPU
		{7F69BF54-A17A-4BE6-8778-3458D9304D34}.Release|Any CPU.Build.0 = Release|Any CPU
		{5B1EE2CD-043A-46DB-9143-0E6FB53CBA49}.Debug|Any CPU.ActiveCfg = Debug|Any CPU
		{5B1EE2CD-043A-46DB-9143-0E6FB53CBA49}.Debug|Any CPU.Build.0 = Debug|Any CPU
		{5B1EE2CD-043A-46DB-9143-0E6FB53CBA49}.Release|Any CPU.ActiveCfg = Release|Any CPU
		{5B1EE2CD-043A-46DB-9143-0E6FB53CBA49}.Release|Any CPU.Build.0 = Release|Any CPU
		{56A28FE5-945E-439D-BE81-1A5433A1CAE1}.Debug|Any CPU.ActiveCfg = Debug|Any CPU
		{56A28FE5-945E-439D-BE81-1A5433A1CAE1}.Debug|Any CPU.Build.0 = Debug|Any CPU
		{56A28FE5-945E-439D-BE81-1A5433A1CAE1}.Release|Any CPU.ActiveCfg = Release|Any CPU
		{56A28FE5-945E-439D-BE81-1A5433A1CAE1}.Release|Any CPU.Build.0 = Release|Any CPU
		{D4F49704-8E55-4A76-9DDF-378AF0C45F8B}.Debug|Any CPU.ActiveCfg = Debug|Any CPU
		{D4F49704-8E55-4A76-9DDF-378AF0C45F8B}.Debug|Any CPU.Build.0 = Debug|Any CPU
		{D4F49704-8E55-4A76-9DDF-378AF0C45F8B}.Release|Any CPU.ActiveCfg = Release|Any CPU
		{D4F49704-8E55-4A76-9DDF-378AF0C45F8B}.Release|Any CPU.Build.0 = Release|Any CPU
		{40155F2D-DF53-4E1C-BF53-B0AD7D76C200}.Debug|Any CPU.ActiveCfg = Debug|Any CPU
		{40155F2D-DF53-4E1C-BF53-B0AD7D76C200}.Debug|Any CPU.Build.0 = Debug|Any CPU
		{40155F2D-DF53-4E1C-BF53-B0AD7D76C200}.Release|Any CPU.ActiveCfg = Release|Any CPU
		{40155F2D-DF53-4E1C-BF53-B0AD7D76C200}.Release|Any CPU.Build.0 = Release|Any CPU
		{973FE6CA-3315-4A5D-B332-10619EC23966}.Debug|Any CPU.ActiveCfg = Debug|Any CPU
		{973FE6CA-3315-4A5D-B332-10619EC23966}.Debug|Any CPU.Build.0 = Debug|Any CPU
		{973FE6CA-3315-4A5D-B332-10619EC23966}.Release|Any CPU.ActiveCfg = Release|Any CPU
		{973FE6CA-3315-4A5D-B332-10619EC23966}.Release|Any CPU.Build.0 = Release|Any CPU
		{1A112903-C6C3-4BAE-BB90-4A2AB55B939B}.Debug|Any CPU.ActiveCfg = Debug|Any CPU
		{1A112903-C6C3-4BAE-BB90-4A2AB55B939B}.Debug|Any CPU.Build.0 = Debug|Any CPU
		{1A112903-C6C3-4BAE-BB90-4A2AB55B939B}.Release|Any CPU.ActiveCfg = Release|Any CPU
		{1A112903-C6C3-4BAE-BB90-4A2AB55B939B}.Release|Any CPU.Build.0 = Release|Any CPU
		{3A14761C-7A3F-47E3-9ABB-274589DB0381}.Debug|Any CPU.ActiveCfg = Debug|Any CPU
		{3A14761C-7A3F-47E3-9ABB-274589DB0381}.Debug|Any CPU.Build.0 = Debug|Any CPU
		{3A14761C-7A3F-47E3-9ABB-274589DB0381}.Release|Any CPU.ActiveCfg = Release|Any CPU
		{3A14761C-7A3F-47E3-9ABB-274589DB0381}.Release|Any CPU.Build.0 = Release|Any CPU
		{6CE9A2B8-BECD-4E61-9EBA-D36D14E0B91D}.Debug|Any CPU.ActiveCfg = Debug|Any CPU
		{6CE9A2B8-BECD-4E61-9EBA-D36D14E0B91D}.Debug|Any CPU.Build.0 = Debug|Any CPU
		{6CE9A2B8-BECD-4E61-9EBA-D36D14E0B91D}.Release|Any CPU.ActiveCfg = Release|Any CPU
		{6CE9A2B8-BECD-4E61-9EBA-D36D14E0B91D}.Release|Any CPU.Build.0 = Release|Any CPU
		{6D503125-AD00-4671-A7DD-9DBC744CE836}.Debug|Any CPU.ActiveCfg = Debug|Any CPU
		{6D503125-AD00-4671-A7DD-9DBC744CE836}.Debug|Any CPU.Build.0 = Debug|Any CPU
		{6D503125-AD00-4671-A7DD-9DBC744CE836}.Release|Any CPU.ActiveCfg = Release|Any CPU
		{6D503125-AD00-4671-A7DD-9DBC744CE836}.Release|Any CPU.Build.0 = Release|Any CPU
		{70FB2F0F-B956-4304-A3D9-5B643978ABBA}.Debug|Any CPU.ActiveCfg = Debug|Any CPU
		{70FB2F0F-B956-4304-A3D9-5B643978ABBA}.Debug|Any CPU.Build.0 = Debug|Any CPU
		{70FB2F0F-B956-4304-A3D9-5B643978ABBA}.Release|Any CPU.ActiveCfg = Release|Any CPU
		{70FB2F0F-B956-4304-A3D9-5B643978ABBA}.Release|Any CPU.Build.0 = Release|Any CPU
		{B96E0C5A-9EA7-458F-84A7-A5C68091FAE6}.Debug|Any CPU.ActiveCfg = Debug|Any CPU
		{B96E0C5A-9EA7-458F-84A7-A5C68091FAE6}.Debug|Any CPU.Build.0 = Debug|Any CPU
		{B96E0C5A-9EA7-458F-84A7-A5C68091FAE6}.Release|Any CPU.ActiveCfg = Release|Any CPU
		{B96E0C5A-9EA7-458F-84A7-A5C68091FAE6}.Release|Any CPU.Build.0 = Release|Any CPU
		{F9EAC7A5-EC23-4D70-AA94-27EEF43EE0C0}.Debug|Any CPU.ActiveCfg = Debug|Any CPU
		{F9EAC7A5-EC23-4D70-AA94-27EEF43EE0C0}.Debug|Any CPU.Build.0 = Debug|Any CPU
		{F9EAC7A5-EC23-4D70-AA94-27EEF43EE0C0}.Release|Any CPU.ActiveCfg = Release|Any CPU
		{F9EAC7A5-EC23-4D70-AA94-27EEF43EE0C0}.Release|Any CPU.Build.0 = Release|Any CPU
		{1BB8529C-2529-41ED-96F9-E8BA88C2CF0F}.Debug|Any CPU.ActiveCfg = Debug|Any CPU
		{1BB8529C-2529-41ED-96F9-E8BA88C2CF0F}.Debug|Any CPU.Build.0 = Debug|Any CPU
		{1BB8529C-2529-41ED-96F9-E8BA88C2CF0F}.Release|Any CPU.ActiveCfg = Release|Any CPU
		{1BB8529C-2529-41ED-96F9-E8BA88C2CF0F}.Release|Any CPU.Build.0 = Release|Any CPU
		{BCC9353B-121F-44B2-8D7C-8E841866A791}.Debug|Any CPU.ActiveCfg = Debug|Any CPU
		{BCC9353B-121F-44B2-8D7C-8E841866A791}.Debug|Any CPU.Build.0 = Debug|Any CPU
		{BCC9353B-121F-44B2-8D7C-8E841866A791}.Release|Any CPU.ActiveCfg = Release|Any CPU
		{BCC9353B-121F-44B2-8D7C-8E841866A791}.Release|Any CPU.Build.0 = Release|Any CPU
		{91387D4B-E0B1-4BC2-9CDA-CFD4CA593ADC}.Debug|Any CPU.ActiveCfg = Debug|Any CPU
		{91387D4B-E0B1-4BC2-9CDA-CFD4CA593ADC}.Debug|Any CPU.Build.0 = Debug|Any CPU
		{91387D4B-E0B1-4BC2-9CDA-CFD4CA593ADC}.Release|Any CPU.ActiveCfg = Release|Any CPU
		{91387D4B-E0B1-4BC2-9CDA-CFD4CA593ADC}.Release|Any CPU.Build.0 = Release|Any CPU
		{44739D29-75C8-421D-BB67-B6E9F747191C}.Debug|Any CPU.ActiveCfg = Debug|Any CPU
		{44739D29-75C8-421D-BB67-B6E9F747191C}.Debug|Any CPU.Build.0 = Debug|Any CPU
		{44739D29-75C8-421D-BB67-B6E9F747191C}.Release|Any CPU.ActiveCfg = Release|Any CPU
		{44739D29-75C8-421D-BB67-B6E9F747191C}.Release|Any CPU.Build.0 = Release|Any CPU
		{0F72B1CE-B5FB-41E7-B041-1095F0633F94}.Debug|Any CPU.ActiveCfg = Debug|Any CPU
		{0F72B1CE-B5FB-41E7-B041-1095F0633F94}.Debug|Any CPU.Build.0 = Debug|Any CPU
		{0F72B1CE-B5FB-41E7-B041-1095F0633F94}.Release|Any CPU.ActiveCfg = Release|Any CPU
		{0F72B1CE-B5FB-41E7-B041-1095F0633F94}.Release|Any CPU.Build.0 = Release|Any CPU
		{9F378959-F3C1-41BB-B802-677E9C2EC848}.Debug|Any CPU.ActiveCfg = Debug|Any CPU
		{9F378959-F3C1-41BB-B802-677E9C2EC848}.Debug|Any CPU.Build.0 = Debug|Any CPU
		{9F378959-F3C1-41BB-B802-677E9C2EC848}.Release|Any CPU.ActiveCfg = Release|Any CPU
		{9F378959-F3C1-41BB-B802-677E9C2EC848}.Release|Any CPU.Build.0 = Release|Any CPU
		{0FB5911B-C106-4A32-801A-385FDA21A644}.Debug|Any CPU.ActiveCfg = Debug|Any CPU
		{0FB5911B-C106-4A32-801A-385FDA21A644}.Debug|Any CPU.Build.0 = Debug|Any CPU
		{0FB5911B-C106-4A32-801A-385FDA21A644}.Release|Any CPU.ActiveCfg = Release|Any CPU
		{0FB5911B-C106-4A32-801A-385FDA21A644}.Release|Any CPU.Build.0 = Release|Any CPU
	EndGlobalSection
	GlobalSection(SolutionProperties) = preSolution
		HideSolutionNode = FALSE
	EndGlobalSection
EndGlobal
