
Microsoft Visual Studio Solution File, Format Version 12.00
# Visual Studio 15
VisualStudioVersion = 15.0.26430.6
MinimumVisualStudioVersion = 10.0.40219.1
Project("{FAE04EC0-301F-11D3-BF4B-00C04F79EFBC}") = "05лабораторная", "05лабораторная\05лабораторная.csproj", "{06ABC8C8-DE9D-4C2B-92EC-60AACC40CB01}"
EndProject
Project("{FAE04EC0-301F-11D3-BF4B-00C04F79EFBC}") = "02zadanie", "02zadanie\02zadanie.csproj", "{4B3F1FD1-971E-40CD-BA70-2579A7A5C260}"
EndProject
Project("{FAE04EC0-301F-11D3-BF4B-00C04F79EFBC}") = "03zadanie", "03zadanie\03zadanie.csproj", "{CD821281-C2CB-40D2-9583-F62B526172F1}"
EndProject
Project("{FAE04EC0-301F-11D3-BF4B-00C04F79EFBC}") = "05zadanie", "05zadanie\05zadanie.csproj", "{E75BB977-7B19-46A4-8FA2-7C1228FA67E3}"
EndProject
Project("{FAE04EC0-301F-11D3-BF4B-00C04F79EFBC}") = "11zadanie", "11zadanie\11zadanie.csproj", "{42B8D585-CD93-41CB-9BBA-01A253F4446D}"
EndProject
Project("{FAE04EC0-301F-11D3-BF4B-00C04F79EFBC}") = "13zadanie", "13zadanie\13zadanie.csproj", "{4F5AE09A-D9E6-4F78-85E6-7F23C90884CF}"
EndProject
Project("{FAE04EC0-301F-11D3-BF4B-00C04F79EFBC}") = "12zadanie", "12zadanie\12zadanie.csproj", "{89893C8D-5A26-4478-A0CF-E77C9E865CCA}"
EndProject
Project("{FAE04EC0-301F-11D3-BF4B-00C04F79EFBC}") = "18zadanie", "18zadanie\18zadanie.csproj", "{DA90676D-202E-4FCC-9AC6-D96751907618}"
EndProject
Project("{FAE04EC0-301F-11D3-BF4B-00C04F79EFBC}") = "04zadanie", "04zadanie\04zadanie.csproj", "{2CE41F20-DF6A-4068-8512-2825730DE76E}"
EndProject
Project("{FAE04EC0-301F-11D3-BF4B-00C04F79EFBC}") = "06zadanie", "06zadanie\06zadanie.csproj", "{4C1492A6-3029-4F4E-9E8D-CA371AA82E17}"
EndProject
Project("{FAE04EC0-301F-11D3-BF4B-00C04F79EFBC}") = "07zadanie", "07zadanie\07zadanie.csproj", "{BC25ADF1-2AAB-4767-BA42-CA7E4D8D5F44}"
EndProject
Project("{FAE04EC0-301F-11D3-BF4B-00C04F79EFBC}") = "08zadanie", "08zadanie\08zadanie.csproj", "{5FAC0556-A90C-4234-9628-10721EC6FC05}"
EndProject
Project("{FAE04EC0-301F-11D3-BF4B-00C04F79EFBC}") = "09zadanie", "09zadanie\09zadanie.csproj", "{B0137EA0-0C5A-48AA-A761-BC498EA379C1}"
EndProject
Project("{FAE04EC0-301F-11D3-BF4B-00C04F79EFBC}") = "10zadanie", "10zadanie\10zadanie.csproj", "{CD7A667D-A14C-4808-994E-EDD81F6D379A}"
EndProject
Project("{FAE04EC0-301F-11D3-BF4B-00C04F79EFBC}") = "14zadanie", "14zadanie\14zadanie.csproj", "{7F69BF54-A17A-4BE6-8778-3458D9304D34}"
EndProject
Project("{FAE04EC0-301F-11D3-BF4B-00C04F79EFBC}") = "15zadanie", "15zadanie\15zadanie.csproj", "{5B1EE2CD-043A-46DB-9143-0E6FB53CBA49}"
EndProject
Project("{FAE04EC0-301F-11D3-BF4B-00C04F79EFBC}") = "16zadanie", "16zadanie\16zadanie.csproj", "{56A28FE5-945E-439D-BE81-1A5433A1CAE1}"
EndProject
Global
	GlobalSection(SolutionConfigurationPlatforms) = preSolution
		Debug|Any CPU = Debug|Any CPU
		Release|Any CPU = Release|Any CPU
	EndGlobalSection
	GlobalSection(ProjectConfigurationPlatforms) = postSolution
		{06ABC8C8-DE9D-4C2B-92EC-60AACC40CB01}.Debug|Any CPU.ActiveCfg = Debug|Any CPU
		{06ABC8C8-DE9D-4C2B-92EC-60AACC40CB01}.Debug|Any CPU.Build.0 = Debug|Any CPU
		{06ABC8C8-DE9D-4C2B-92EC-60AACC40CB01}.Release|Any CPU.ActiveCfg = Release|Any CPU
		{06ABC8C8-DE9D-4C2B-92EC-60AACC40CB01}.Release|Any CPU.Build.0 = Release|Any CPU
		{4B3F1FD1-971E-40CD-BA70-2579A7A5C260}.Debug|Any CPU.ActiveCfg = Debug|Any CPU
		{4B3F1FD1-971E-40CD-BA70-2579A7A5C260}.Debug|Any CPU.Build.0 = Debug|Any CPU
		{4B3F1FD1-971E-40CD-BA70-2579A7A5C260}.Release|Any CPU.ActiveCfg = Release|Any CPU
		{4B3F1FD1-971E-40CD-BA70-2579A7A5C260}.Release|Any CPU.Build.0 = Release|Any CPU
		{CD821281-C2CB-40D2-9583-F62B526172F1}.Debug|Any CPU.ActiveCfg = Debug|Any CPU
		{CD821281-C2CB-40D2-9583-F62B526172F1}.Debug|Any CPU.Build.0 = Debug|Any CPU
		{CD821281-C2CB-40D2-9583-F62B526172F1}.Release|Any CPU.ActiveCfg = Release|Any CPU
		{CD821281-C2CB-40D2-9583-F62B526172F1}.Release|Any CPU.Build.0 = Release|Any CPU
		{E75BB977-7B19-46A4-8FA2-7C1228FA67E3}.Debug|Any CPU.ActiveCfg = Debug|Any CPU
		{E75BB977-7B19-46A4-8FA2-7C1228FA67E3}.Debug|Any CPU.Build.0 = Debug|Any CPU
		{E75BB977-7B19-46A4-8FA2-7C1228FA67E3}.Release|Any CPU.ActiveCfg = Release|Any CPU
		{E75BB977-7B19-46A4-8FA2-7C1228FA67E3}.Release|Any CPU.Build.0 = Release|Any CPU
		{42B8D585-CD93-41CB-9BBA-01A253F4446D}.Debug|Any CPU.ActiveCfg = Debug|Any CPU
		{42B8D585-CD93-41CB-9BBA-01A253F4446D}.Debug|Any CPU.Build.0 = Debug|Any CPU
		{42B8D585-CD93-41CB-9BBA-01A253F4446D}.Release|Any CPU.ActiveCfg = Release|Any CPU
		{42B8D585-CD93-41CB-9BBA-01A253F4446D}.Release|Any CPU.Build.0 = Release|Any CPU
		{4F5AE09A-D9E6-4F78-85E6-7F23C90884CF}.Debug|Any CPU.ActiveCfg = Debug|Any CPU
		{4F5AE09A-D9E6-4F78-85E6-7F23C90884CF}.Debug|Any CPU.Build.0 = Debug|Any CPU
		{4F5AE09A-D9E6-4F78-85E6-7F23C90884CF}.Release|Any CPU.ActiveCfg = Release|Any CPU
		{4F5AE09A-D9E6-4F78-85E6-7F23C90884CF}.Release|Any CPU.Build.0 = Release|Any CPU
		{89893C8D-5A26-4478-A0CF-E77C9E865CCA}.Debug|Any CPU.ActiveCfg = Debug|Any CPU
		{89893C8D-5A26-4478-A0CF-E77C9E865CCA}.Debug|Any CPU.Build.0 = Debug|Any CPU
		{89893C8D-5A26-4478-A0CF-E77C9E865CCA}.Release|Any CPU.ActiveCfg = Release|Any CPU
		{89893C8D-5A26-4478-A0CF-E77C9E865CCA}.Release|Any CPU.Build.0 = Release|Any CPU
		{DA90676D-202E-4FCC-9AC6-D96751907618}.Debug|Any CPU.ActiveCfg = Debug|Any CPU
		{DA90676D-202E-4FCC-9AC6-D96751907618}.Debug|Any CPU.Build.0 = Debug|Any CPU
		{DA90676D-202E-4FCC-9AC6-D96751907618}.Release|Any CPU.ActiveCfg = Release|Any CPU
		{DA90676D-202E-4FCC-9AC6-D96751907618}.Release|Any CPU.Build.0 = Release|Any CPU
		{2CE41F20-DF6A-4068-8512-2825730DE76E}.Debug|Any CPU.ActiveCfg = Debug|Any CPU
		{2CE41F20-DF6A-4068-8512-2825730DE76E}.Debug|Any CPU.Build.0 = Debug|Any CPU
		{2CE41F20-DF6A-4068-8512-2825730DE76E}.Release|Any CPU.ActiveCfg = Release|Any CPU
		{2CE41F20-DF6A-4068-8512-2825730DE76E}.Release|Any CPU.Build.0 = Release|Any CPU
		{4C1492A6-3029-4F4E-9E8D-CA371AA82E17}.Debug|Any CPU.ActiveCfg = Debug|Any CPU
		{4C1492A6-3029-4F4E-9E8D-CA371AA82E17}.Debug|Any CPU.Build.0 = Debug|Any CPU
		{4C1492A6-3029-4F4E-9E8D-CA371AA82E17}.Release|Any CPU.ActiveCfg = Release|Any CPU
		{4C1492A6-3029-4F4E-9E8D-CA371AA82E17}.Release|Any CPU.Build.0 = Release|Any CPU
		{BC25ADF1-2AAB-4767-BA42-CA7E4D8D5F44}.Debug|Any CPU.ActiveCfg = Debug|Any CPU
		{BC25ADF1-2AAB-4767-BA42-CA7E4D8D5F44}.Debug|Any CPU.Build.0 = Debug|Any CPU
		{BC25ADF1-2AAB-4767-BA42-CA7E4D8D5F44}.Release|Any CPU.ActiveCfg = Release|Any CPU
		{BC25ADF1-2AAB-4767-BA42-CA7E4D8D5F44}.Release|Any CPU.Build.0 = Release|Any CPU
		{5FAC0556-A90C-4234-9628-10721EC6FC05}.Debug|Any CPU.ActiveCfg = Debug|Any CPU
		{5FAC0556-A90C-4234-9628-10721EC6FC05}.Debug|Any CPU.Build.0 = Debug|Any CPU
		{5FAC0556-A90C-4234-9628-10721EC6FC05}.Release|Any CPU.ActiveCfg = Release|Any CPU
		{5FAC0556-A90C-4234-9628-10721EC6FC05}.Release|Any CPU.Build.0 = Release|Any CPU
		{B0137EA0-0C5A-48AA-A761-BC498EA379C1}.Debug|Any CPU.ActiveCfg = Debug|Any CPU
		{B0137EA0-0C5A-48AA-A761-BC498EA379C1}.Debug|Any CPU.Build.0 = Debug|Any CPU
		{B0137EA0-0C5A-48AA-A761-BC498EA379C1}.Release|Any CPU.ActiveCfg = Release|Any CPU
		{B0137EA0-0C5A-48AA-A761-BC498EA379C1}.Release|Any CPU.Build.0 = Release|Any CPU
		{CD7A667D-A14C-4808-994E-EDD81F6D379A}.Debug|Any CPU.ActiveCfg = Debug|Any CPU
		{CD7A667D-A14C-4808-994E-EDD81F6D379A}.Debug|Any CPU.Build.0 = Debug|Any CPU
		{CD7A667D-A14C-4808-994E-EDD81F6D379A}.Release|Any CPU.ActiveCfg = Release|Any CPU
		{CD7A667D-A14C-4808-994E-EDD81F6D379A}.Release|Any CPU.Build.0 = Release|Any CPU
		{7F69BF54-A17A-4BE6-8778-3458D9304D34}.Debug|Any CPU.ActiveCfg = Debug|Any CPU
		{7F69BF54-A17A-4BE6-8778-3458D9304D34}.Debug|Any CPU.Build.0 = Debug|Any CPU
		{7F69BF54-A17A-4BE6-8778-3458D9304D34}.Release|Any CPU.ActiveCfg = Release|Any CPU
		{7F69BF54-A17A-4BE6-8778-3458D9304D34}.Release|Any CPU.Build.0 = Release|Any CPU
		{5B1EE2CD-043A-46DB-9143-0E6FB53CBA49}.Debug|Any CPU.ActiveCfg = Debug|Any CPU
		{5B1EE2CD-043A-46DB-9143-0E6FB53CBA49}.Debug|Any CPU.Build.0 = Debug|Any CPU
		{5B1EE2CD-043A-46DB-9143-0E6FB53CBA49}.Release|Any CPU.ActiveCfg = Release|Any CPU
		{5B1EE2CD-043A-46DB-9143-0E6FB53CBA49}.Release|Any CPU.Build.0 = Release|Any CPU
		{56A28FE5-945E-439D-BE81-1A5433A1CAE1}.Debug|Any CPU.ActiveCfg = Debug|Any CPU
		{56A28FE5-945E-439D-BE81-1A5433A1CAE1}.Debug|Any CPU.Build.0 = Debug|Any CPU
		{56A28FE5-945E-439D-BE81-1A5433A1CAE1}.Release|Any CPU.ActiveCfg = Release|Any CPU
		{56A28FE5-945E-439D-BE81-1A5433A1CAE1}.Release|Any CPU.Build.0 = Release|Any CPU
	EndGlobalSection
	GlobalSection(SolutionProperties) = preSolution
		HideSolutionNode = FALSE
	EndGlobalSection
EndGlobal
