
Microsoft Visual Studio Solution File, Format Version 12.00
# Visual Studio 15
VisualStudioVersion = 15.0.26430.6
MinimumVisualStudioVersion = 10.0.40219.1
Project("{FAE04EC0-301F-11D3-BF4B-00C04F79EFBC}") = "01zadanie", "01zadanie\01zadanie.csproj", "{DBA53CC8-A731-46DB-B018-EAD4E76DDC54}"
EndProject
Project("{FAE04EC0-301F-11D3-BF4B-00C04F79EFBC}") = "02zadanie", "02zadanie\02zadanie.csproj", "{3B6FB43C-E036-4383-A0B3-5F4C3CD03D40}"
EndProject
Project("{FAE04EC0-301F-11D3-BF4B-00C04F79EFBC}") = "03zadanie", "03zadanie\03zadanie.csproj", "{13FD8299-B3BA-4EE7-8029-98099277370E}"
EndProject
Project("{FAE04EC0-301F-11D3-BF4B-00C04F79EFBC}") = "05zadanie", "05zadanie\05zadanie.csproj", "{43AF435F-5C7C-4E77-8BAE-DAE8FB6E7D8C}"
EndProject
Project("{FAE04EC0-301F-11D3-BF4B-00C04F79EFBC}") = "06zadanie", "06zadanie\06zadanie.csproj", "{4A2A9246-C986-46E1-BF54-EB9A428A00E3}"
EndProject
Project("{FAE04EC0-301F-11D3-BF4B-00C04F79EFBC}") = "07zadanie", "07zadanie\07zadanie.csproj", "{21EA1112-FD64-40B0-8510-9B73B66D351F}"
EndProject
Project("{FAE04EC0-301F-11D3-BF4B-00C04F79EFBC}") = "10zadanie", "10zadanie\10zadanie.csproj", "{16957E41-5709-41A9-BC2B-0A510E53887A}"
EndProject
Project("{FAE04EC0-301F-11D3-BF4B-00C04F79EFBC}") = "11zadanie", "11zadanie\11zadanie.csproj", "{77EA8288-B092-45A6-817A-45CE776EAE0F}"
EndProject
Project("{FAE04EC0-301F-11D3-BF4B-00C04F79EFBC}") = "18zadanie", "18zadanie\18zadanie.csproj", "{DE233393-7C99-49CC-98A7-E2EA7260DBB0}"
EndProject
Project("{FAE04EC0-301F-11D3-BF4B-00C04F79EFBC}") = "19zadanie", "19zadanie\19zadanie.csproj", "{98BCEB5E-7DFA-4F3B-B838-CF8F890D6A46}"
EndProject
Project("{FAE04EC0-301F-11D3-BF4B-00C04F79EFBC}") = "22zadanie", "22zadanie\22zadanie.csproj", "{6DF4E986-D0F8-497D-A220-26C5E1CE2F63}"
EndProject
Project("{FAE04EC0-301F-11D3-BF4B-00C04F79EFBC}") = "222zadanie", "222zadanie\222zadanie.csproj", "{F99F7295-AA03-4D15-958B-67BCD7DDA331}"
EndProject
Project("{FAE04EC0-301F-11D3-BF4B-00C04F79EFBC}") = "23zadanie", "23zadanie\23zadanie.csproj", "{7F80F870-A39C-4333-9D79-D9D2DCEAA6C6}"
EndProject
Project("{FAE04EC0-301F-11D3-BF4B-00C04F79EFBC}") = "27zadanie", "27zadanie\27zadanie.csproj", "{8590B8D1-7AFB-44CF-BF57-AB7E6279CA64}"
EndProject
Project("{FAE04EC0-301F-11D3-BF4B-00C04F79EFBC}") = "28zadanie", "28zadanie\28zadanie.csproj", "{BDE70FA8-912F-425C-B1F2-AA671D234B1B}"
EndProject
Project("{FAE04EC0-301F-11D3-BF4B-00C04F79EFBC}") = "42zadanie", "42zadanie\42zadanie.csproj", "{C8B180F9-B0F5-4E95-BDD8-243F3E4D671D}"
EndProject
Project("{FAE04EC0-301F-11D3-BF4B-00C04F79EFBC}") = "42_2zadanie", "42_2zadanie\42_2zadanie.csproj", "{6590C117-0F86-4E34-A96B-D163EFC80F4C}"
EndProject
Project("{FAE04EC0-301F-11D3-BF4B-00C04F79EFBC}") = "43zadanie", "43zadanie\43zadanie.csproj", "{2C9F51E7-01A3-41A0-9FCE-44FEB09B76BB}"
EndProject
Project("{FAE04EC0-301F-11D3-BF4B-00C04F79EFBC}") = "04zadanie", "04zadanie\04zadanie.csproj", "{3F7770D1-662A-465F-A663-74B519D7B63F}"
EndProject
Project("{FAE04EC0-301F-11D3-BF4B-00C04F79EFBC}") = "08zadanie", "08zadanie\08zadanie.csproj", "{597845F4-5ED3-4DCB-ACCF-85B9DC7EAD7B}"
EndProject
Project("{FAE04EC0-301F-11D3-BF4B-00C04F79EFBC}") = "09zadanie", "09zadanie\09zadanie.csproj", "{092B53A2-0BC1-41D5-A1B2-A408E3B7350B}"
EndProject
Project("{FAE04EC0-301F-11D3-BF4B-00C04F79EFBC}") = "12zadanie", "12zadanie\12zadanie.csproj", "{A86F8BAA-5F25-4E4F-BA03-36F9F105A02D}"
EndProject
Project("{FAE04EC0-301F-11D3-BF4B-00C04F79EFBC}") = "13zadanie", "13zadanie\13zadanie.csproj", "{45A544CE-C9A6-4401-B1FF-4CEF1BFA5DD0}"
EndProject
Project("{FAE04EC0-301F-11D3-BF4B-00C04F79EFBC}") = "14zadanie", "14zadanie\14zadanie.csproj", "{966BE630-BDF4-46AB-9CDC-E32B47412F19}"
EndProject
Project("{FAE04EC0-301F-11D3-BF4B-00C04F79EFBC}") = "15zadanie", "15zadanie\15zadanie.csproj", "{4E1B964A-3310-49A1-8F8E-5EBC0D1346A8}"
EndProject
Project("{FAE04EC0-301F-11D3-BF4B-00C04F79EFBC}") = "16zadanie", "16zadanie\16zadanie.csproj", "{6BB7FA34-D0AF-4A83-8B42-575F50C11CCD}"
EndProject
Project("{FAE04EC0-301F-11D3-BF4B-00C04F79EFBC}") = "17zadanie", "17zadanie\17zadanie.csproj", "{A65C9497-DE4B-44DD-9A74-992B36A6FA6A}"
EndProject
Project("{FAE04EC0-301F-11D3-BF4B-00C04F79EFBC}") = "20zadanie", "20zadanie\20zadanie.csproj", "{A9F56076-D48A-4F88-A07E-34C975E9469A}"
EndProject
Project("{FAE04EC0-301F-11D3-BF4B-00C04F79EFBC}") = "21zadanie", "21zadanie\21zadanie.csproj", "{5878C0EC-E318-42CD-9461-EEC571851D3A}"
EndProject
Project("{FAE04EC0-301F-11D3-BF4B-00C04F79EFBC}") = "24zadanie", "24zadanie\24zadanie.csproj", "{67426511-9E0F-4B3E-BCD6-4BC65C788A8B}"
EndProject
Project("{FAE04EC0-301F-11D3-BF4B-00C04F79EFBC}") = "25zadanie", "25zadanie\25zadanie.csproj", "{557541C6-9EE3-4F73-A01D-3E9BE9036615}"
EndProject
Project("{FAE04EC0-301F-11D3-BF4B-00C04F79EFBC}") = "26zadanie", "26zadanie\26zadanie.csproj", "{2AC0A1B1-02CC-48F2-8749-8B2123AFC1E5}"
EndProject
Project("{FAE04EC0-301F-11D3-BF4B-00C04F79EFBC}") = "29zaanie", "29zaanie\29zaanie.csproj", "{C067201F-9EF3-4668-A47B-B012DBEC0E9A}"
EndProject
Project("{FAE04EC0-301F-11D3-BF4B-00C04F79EFBC}") = "30zadanie", "30zadanie\30zadanie.csproj", "{67AA156D-C13F-4EAA-93AD-2091DCDA827D}"
EndProject
Project("{FAE04EC0-301F-11D3-BF4B-00C04F79EFBC}") = "31zadanie", "31zadanie\31zadanie.csproj", "{EA48D6FD-D6A2-489F-9FEA-B0EFDC1A5962}"
EndProject
Project("{FAE04EC0-301F-11D3-BF4B-00C04F79EFBC}") = "32zadanie", "32zadanie\32zadanie.csproj", "{7370282D-0E46-4568-8A9E-5E237299E37E}"
EndProject
Project("{FAE04EC0-301F-11D3-BF4B-00C04F79EFBC}") = "33zadanie", "33zadanie\33zadanie.csproj", "{283D2D33-7A1C-4D47-9CE8-73F7C573FB5F}"
EndProject
Project("{FAE04EC0-301F-11D3-BF4B-00C04F79EFBC}") = "34zadanie", "34zadanie\34zadanie.csproj", "{607A3B9C-33A8-484D-988B-340E6BFEAE7E}"
EndProject
Project("{FAE04EC0-301F-11D3-BF4B-00C04F79EFBC}") = "35zadanie", "35zadanie\35zadanie.csproj", "{B15AB0EE-7018-4DE4-B3C5-6C26FDB72CE4}"
EndProject
Project("{FAE04EC0-301F-11D3-BF4B-00C04F79EFBC}") = "36zadanie", "36zadanie\36zadanie.csproj", "{0F44FEE0-D533-4A21-955E-E9CDF46A30BA}"
EndProject
Project("{FAE04EC0-301F-11D3-BF4B-00C04F79EFBC}") = "37zadanie", "37zadanie\37zadanie.csproj", "{71257145-C867-42AF-823A-6AFF5566F572}"
EndProject
Project("{FAE04EC0-301F-11D3-BF4B-00C04F79EFBC}") = "38zadanie", "38zadanie\38zadanie.csproj", "{A138BB49-75D1-4E34-A31C-CE8A6839AE62}"
EndProject
Global
	GlobalSection(SolutionConfigurationPlatforms) = preSolution
		Debug|Any CPU = Debug|Any CPU
		Release|Any CPU = Release|Any CPU
	EndGlobalSection
	GlobalSection(ProjectConfigurationPlatforms) = postSolution
		{DBA53CC8-A731-46DB-B018-EAD4E76DDC54}.Debug|Any CPU.ActiveCfg = Debug|Any CPU
		{DBA53CC8-A731-46DB-B018-EAD4E76DDC54}.Debug|Any CPU.Build.0 = Debug|Any CPU
		{DBA53CC8-A731-46DB-B018-EAD4E76DDC54}.Release|Any CPU.ActiveCfg = Release|Any CPU
		{DBA53CC8-A731-46DB-B018-EAD4E76DDC54}.Release|Any CPU.Build.0 = Release|Any CPU
		{3B6FB43C-E036-4383-A0B3-5F4C3CD03D40}.Debug|Any CPU.ActiveCfg = Debug|Any CPU
		{3B6FB43C-E036-4383-A0B3-5F4C3CD03D40}.Debug|Any CPU.Build.0 = Debug|Any CPU
		{3B6FB43C-E036-4383-A0B3-5F4C3CD03D40}.Release|Any CPU.ActiveCfg = Release|Any CPU
		{3B6FB43C-E036-4383-A0B3-5F4C3CD03D40}.Release|Any CPU.Build.0 = Release|Any CPU
		{13FD8299-B3BA-4EE7-8029-98099277370E}.Debug|Any CPU.ActiveCfg = Debug|Any CPU
		{13FD8299-B3BA-4EE7-8029-98099277370E}.Debug|Any CPU.Build.0 = Debug|Any CPU
		{13FD8299-B3BA-4EE7-8029-98099277370E}.Release|Any CPU.ActiveCfg = Release|Any CPU
		{13FD8299-B3BA-4EE7-8029-98099277370E}.Release|Any CPU.Build.0 = Release|Any CPU
		{43AF435F-5C7C-4E77-8BAE-DAE8FB6E7D8C}.Debug|Any CPU.ActiveCfg = Debug|Any CPU
		{43AF435F-5C7C-4E77-8BAE-DAE8FB6E7D8C}.Debug|Any CPU.Build.0 = Debug|Any CPU
		{43AF435F-5C7C-4E77-8BAE-DAE8FB6E7D8C}.Release|Any CPU.ActiveCfg = Release|Any CPU
		{43AF435F-5C7C-4E77-8BAE-DAE8FB6E7D8C}.Release|Any CPU.Build.0 = Release|Any CPU
		{4A2A9246-C986-46E1-BF54-EB9A428A00E3}.Debug|Any CPU.ActiveCfg = Debug|Any CPU
		{4A2A9246-C986-46E1-BF54-EB9A428A00E3}.Debug|Any CPU.Build.0 = Debug|Any CPU
		{4A2A9246-C986-46E1-BF54-EB9A428A00E3}.Release|Any CPU.ActiveCfg = Release|Any CPU
		{4A2A9246-C986-46E1-BF54-EB9A428A00E3}.Release|Any CPU.Build.0 = Release|Any CPU
		{21EA1112-FD64-40B0-8510-9B73B66D351F}.Debug|Any CPU.ActiveCfg = Debug|Any CPU
		{21EA1112-FD64-40B0-8510-9B73B66D351F}.Debug|Any CPU.Build.0 = Debug|Any CPU
		{21EA1112-FD64-40B0-8510-9B73B66D351F}.Release|Any CPU.ActiveCfg = Release|Any CPU
		{21EA1112-FD64-40B0-8510-9B73B66D351F}.Release|Any CPU.Build.0 = Release|Any CPU
		{16957E41-5709-41A9-BC2B-0A510E53887A}.Debug|Any CPU.ActiveCfg = Debug|Any CPU
		{16957E41-5709-41A9-BC2B-0A510E53887A}.Debug|Any CPU.Build.0 = Debug|Any CPU
		{16957E41-5709-41A9-BC2B-0A510E53887A}.Release|Any CPU.ActiveCfg = Release|Any CPU
		{16957E41-5709-41A9-BC2B-0A510E53887A}.Release|Any CPU.Build.0 = Release|Any CPU
		{77EA8288-B092-45A6-817A-45CE776EAE0F}.Debug|Any CPU.ActiveCfg = Debug|Any CPU
		{77EA8288-B092-45A6-817A-45CE776EAE0F}.Debug|Any CPU.Build.0 = Debug|Any CPU
		{77EA8288-B092-45A6-817A-45CE776EAE0F}.Release|Any CPU.ActiveCfg = Release|Any CPU
		{77EA8288-B092-45A6-817A-45CE776EAE0F}.Release|Any CPU.Build.0 = Release|Any CPU
		{DE233393-7C99-49CC-98A7-E2EA7260DBB0}.Debug|Any CPU.ActiveCfg = Debug|Any CPU
		{DE233393-7C99-49CC-98A7-E2EA7260DBB0}.Debug|Any CPU.Build.0 = Debug|Any CPU
		{DE233393-7C99-49CC-98A7-E2EA7260DBB0}.Release|Any CPU.ActiveCfg = Release|Any CPU
		{DE233393-7C99-49CC-98A7-E2EA7260DBB0}.Release|Any CPU.Build.0 = Release|Any CPU
		{98BCEB5E-7DFA-4F3B-B838-CF8F890D6A46}.Debug|Any CPU.ActiveCfg = Debug|Any CPU
		{98BCEB5E-7DFA-4F3B-B838-CF8F890D6A46}.Debug|Any CPU.Build.0 = Debug|Any CPU
		{98BCEB5E-7DFA-4F3B-B838-CF8F890D6A46}.Release|Any CPU.ActiveCfg = Release|Any CPU
		{98BCEB5E-7DFA-4F3B-B838-CF8F890D6A46}.Release|Any CPU.Build.0 = Release|Any CPU
		{6DF4E986-D0F8-497D-A220-26C5E1CE2F63}.Debug|Any CPU.ActiveCfg = Debug|Any CPU
		{6DF4E986-D0F8-497D-A220-26C5E1CE2F63}.Debug|Any CPU.Build.0 = Debug|Any CPU
		{6DF4E986-D0F8-497D-A220-26C5E1CE2F63}.Release|Any CPU.ActiveCfg = Release|Any CPU
		{6DF4E986-D0F8-497D-A220-26C5E1CE2F63}.Release|Any CPU.Build.0 = Release|Any CPU
		{F99F7295-AA03-4D15-958B-67BCD7DDA331}.Debug|Any CPU.ActiveCfg = Debug|Any CPU
		{F99F7295-AA03-4D15-958B-67BCD7DDA331}.Debug|Any CPU.Build.0 = Debug|Any CPU
		{F99F7295-AA03-4D15-958B-67BCD7DDA331}.Release|Any CPU.ActiveCfg = Release|Any CPU
		{F99F7295-AA03-4D15-958B-67BCD7DDA331}.Release|Any CPU.Build.0 = Release|Any CPU
		{7F80F870-A39C-4333-9D79-D9D2DCEAA6C6}.Debug|Any CPU.ActiveCfg = Debug|Any CPU
		{7F80F870-A39C-4333-9D79-D9D2DCEAA6C6}.Debug|Any CPU.Build.0 = Debug|Any CPU
		{7F80F870-A39C-4333-9D79-D9D2DCEAA6C6}.Release|Any CPU.ActiveCfg = Release|Any CPU
		{7F80F870-A39C-4333-9D79-D9D2DCEAA6C6}.Release|Any CPU.Build.0 = Release|Any CPU
		{8590B8D1-7AFB-44CF-BF57-AB7E6279CA64}.Debug|Any CPU.ActiveCfg = Debug|Any CPU
		{8590B8D1-7AFB-44CF-BF57-AB7E6279CA64}.Debug|Any CPU.Build.0 = Debug|Any CPU
		{8590B8D1-7AFB-44CF-BF57-AB7E6279CA64}.Release|Any CPU.ActiveCfg = Release|Any CPU
		{8590B8D1-7AFB-44CF-BF57-AB7E6279CA64}.Release|Any CPU.Build.0 = Release|Any CPU
		{BDE70FA8-912F-425C-B1F2-AA671D234B1B}.Debug|Any CPU.ActiveCfg = Debug|Any CPU
		{BDE70FA8-912F-425C-B1F2-AA671D234B1B}.Debug|Any CPU.Build.0 = Debug|Any CPU
		{BDE70FA8-912F-425C-B1F2-AA671D234B1B}.Release|Any CPU.ActiveCfg = Release|Any CPU
		{BDE70FA8-912F-425C-B1F2-AA671D234B1B}.Release|Any CPU.Build.0 = Release|Any CPU
		{C8B180F9-B0F5-4E95-BDD8-243F3E4D671D}.Debug|Any CPU.ActiveCfg = Debug|Any CPU
		{C8B180F9-B0F5-4E95-BDD8-243F3E4D671D}.Debug|Any CPU.Build.0 = Debug|Any CPU
		{C8B180F9-B0F5-4E95-BDD8-243F3E4D671D}.Release|Any CPU.ActiveCfg = Release|Any CPU
		{C8B180F9-B0F5-4E95-BDD8-243F3E4D671D}.Release|Any CPU.Build.0 = Release|Any CPU
		{6590C117-0F86-4E34-A96B-D163EFC80F4C}.Debug|Any CPU.ActiveCfg = Debug|Any CPU
		{6590C117-0F86-4E34-A96B-D163EFC80F4C}.Debug|Any CPU.Build.0 = Debug|Any CPU
		{6590C117-0F86-4E34-A96B-D163EFC80F4C}.Release|Any CPU.ActiveCfg = Release|Any CPU
		{6590C117-0F86-4E34-A96B-D163EFC80F4C}.Release|Any CPU.Build.0 = Release|Any CPU
		{2C9F51E7-01A3-41A0-9FCE-44FEB09B76BB}.Debug|Any CPU.ActiveCfg = Debug|Any CPU
		{2C9F51E7-01A3-41A0-9FCE-44FEB09B76BB}.Debug|Any CPU.Build.0 = Debug|Any CPU
		{2C9F51E7-01A3-41A0-9FCE-44FEB09B76BB}.Release|Any CPU.ActiveCfg = Release|Any CPU
		{2C9F51E7-01A3-41A0-9FCE-44FEB09B76BB}.Release|Any CPU.Build.0 = Release|Any CPU
		{3F7770D1-662A-465F-A663-74B519D7B63F}.Debug|Any CPU.ActiveCfg = Debug|Any CPU
		{3F7770D1-662A-465F-A663-74B519D7B63F}.Debug|Any CPU.Build.0 = Debug|Any CPU
		{3F7770D1-662A-465F-A663-74B519D7B63F}.Release|Any CPU.ActiveCfg = Release|Any CPU
		{3F7770D1-662A-465F-A663-74B519D7B63F}.Release|Any CPU.Build.0 = Release|Any CPU
		{597845F4-5ED3-4DCB-ACCF-85B9DC7EAD7B}.Debug|Any CPU.ActiveCfg = Debug|Any CPU
		{597845F4-5ED3-4DCB-ACCF-85B9DC7EAD7B}.Debug|Any CPU.Build.0 = Debug|Any CPU
		{597845F4-5ED3-4DCB-ACCF-85B9DC7EAD7B}.Release|Any CPU.ActiveCfg = Release|Any CPU
		{597845F4-5ED3-4DCB-ACCF-85B9DC7EAD7B}.Release|Any CPU.Build.0 = Release|Any CPU
		{092B53A2-0BC1-41D5-A1B2-A408E3B7350B}.Debug|Any CPU.ActiveCfg = Debug|Any CPU
		{092B53A2-0BC1-41D5-A1B2-A408E3B7350B}.Debug|Any CPU.Build.0 = Debug|Any CPU
		{092B53A2-0BC1-41D5-A1B2-A408E3B7350B}.Release|Any CPU.ActiveCfg = Release|Any CPU
		{092B53A2-0BC1-41D5-A1B2-A408E3B7350B}.Release|Any CPU.Build.0 = Release|Any CPU
		{A86F8BAA-5F25-4E4F-BA03-36F9F105A02D}.Debug|Any CPU.ActiveCfg = Debug|Any CPU
		{A86F8BAA-5F25-4E4F-BA03-36F9F105A02D}.Debug|Any CPU.Build.0 = Debug|Any CPU
		{A86F8BAA-5F25-4E4F-BA03-36F9F105A02D}.Release|Any CPU.ActiveCfg = Release|Any CPU
		{A86F8BAA-5F25-4E4F-BA03-36F9F105A02D}.Release|Any CPU.Build.0 = Release|Any CPU
		{45A544CE-C9A6-4401-B1FF-4CEF1BFA5DD0}.Debug|Any CPU.ActiveCfg = Debug|Any CPU
		{45A544CE-C9A6-4401-B1FF-4CEF1BFA5DD0}.Debug|Any CPU.Build.0 = Debug|Any CPU
		{45A544CE-C9A6-4401-B1FF-4CEF1BFA5DD0}.Release|Any CPU.ActiveCfg = Release|Any CPU
		{45A544CE-C9A6-4401-B1FF-4CEF1BFA5DD0}.Release|Any CPU.Build.0 = Release|Any CPU
		{966BE630-BDF4-46AB-9CDC-E32B47412F19}.Debug|Any CPU.ActiveCfg = Debug|Any CPU
		{966BE630-BDF4-46AB-9CDC-E32B47412F19}.Debug|Any CPU.Build.0 = Debug|Any CPU
		{966BE630-BDF4-46AB-9CDC-E32B47412F19}.Release|Any CPU.ActiveCfg = Release|Any CPU
		{966BE630-BDF4-46AB-9CDC-E32B47412F19}.Release|Any CPU.Build.0 = Release|Any CPU
		{4E1B964A-3310-49A1-8F8E-5EBC0D1346A8}.Debug|Any CPU.ActiveCfg = Debug|Any CPU
		{4E1B964A-3310-49A1-8F8E-5EBC0D1346A8}.Debug|Any CPU.Build.0 = Debug|Any CPU
		{4E1B964A-3310-49A1-8F8E-5EBC0D1346A8}.Release|Any CPU.ActiveCfg = Release|Any CPU
		{4E1B964A-3310-49A1-8F8E-5EBC0D1346A8}.Release|Any CPU.Build.0 = Release|Any CPU
		{6BB7FA34-D0AF-4A83-8B42-575F50C11CCD}.Debug|Any CPU.ActiveCfg = Debug|Any CPU
		{6BB7FA34-D0AF-4A83-8B42-575F50C11CCD}.Debug|Any CPU.Build.0 = Debug|Any CPU
		{6BB7FA34-D0AF-4A83-8B42-575F50C11CCD}.Release|Any CPU.ActiveCfg = Release|Any CPU
		{6BB7FA34-D0AF-4A83-8B42-575F50C11CCD}.Release|Any CPU.Build.0 = Release|Any CPU
		{A65C9497-DE4B-44DD-9A74-992B36A6FA6A}.Debug|Any CPU.ActiveCfg = Debug|Any CPU
		{A65C9497-DE4B-44DD-9A74-992B36A6FA6A}.Debug|Any CPU.Build.0 = Debug|Any CPU
		{A65C9497-DE4B-44DD-9A74-992B36A6FA6A}.Release|Any CPU.ActiveCfg = Release|Any CPU
		{A65C9497-DE4B-44DD-9A74-992B36A6FA6A}.Release|Any CPU.Build.0 = Release|Any CPU
		{A9F56076-D48A-4F88-A07E-34C975E9469A}.Debug|Any CPU.ActiveCfg = Debug|Any CPU
		{A9F56076-D48A-4F88-A07E-34C975E9469A}.Debug|Any CPU.Build.0 = Debug|Any CPU
		{A9F56076-D48A-4F88-A07E-34C975E9469A}.Release|Any CPU.ActiveCfg = Release|Any CPU
		{A9F56076-D48A-4F88-A07E-34C975E9469A}.Release|Any CPU.Build.0 = Release|Any CPU
		{5878C0EC-E318-42CD-9461-EEC571851D3A}.Debug|Any CPU.ActiveCfg = Debug|Any CPU
		{5878C0EC-E318-42CD-9461-EEC571851D3A}.Debug|Any CPU.Build.0 = Debug|Any CPU
		{5878C0EC-E318-42CD-9461-EEC571851D3A}.Release|Any CPU.ActiveCfg = Release|Any CPU
		{5878C0EC-E318-42CD-9461-EEC571851D3A}.Release|Any CPU.Build.0 = Release|Any CPU
		{67426511-9E0F-4B3E-BCD6-4BC65C788A8B}.Debug|Any CPU.ActiveCfg = Debug|Any CPU
		{67426511-9E0F-4B3E-BCD6-4BC65C788A8B}.Debug|Any CPU.Build.0 = Debug|Any CPU
		{67426511-9E0F-4B3E-BCD6-4BC65C788A8B}.Release|Any CPU.ActiveCfg = Release|Any CPU
		{67426511-9E0F-4B3E-BCD6-4BC65C788A8B}.Release|Any CPU.Build.0 = Release|Any CPU
		{557541C6-9EE3-4F73-A01D-3E9BE9036615}.Debug|Any CPU.ActiveCfg = Debug|Any CPU
		{557541C6-9EE3-4F73-A01D-3E9BE9036615}.Debug|Any CPU.Build.0 = Debug|Any CPU
		{557541C6-9EE3-4F73-A01D-3E9BE9036615}.Release|Any CPU.ActiveCfg = Release|Any CPU
		{557541C6-9EE3-4F73-A01D-3E9BE9036615}.Release|Any CPU.Build.0 = Release|Any CPU
		{2AC0A1B1-02CC-48F2-8749-8B2123AFC1E5}.Debug|Any CPU.ActiveCfg = Debug|Any CPU
		{2AC0A1B1-02CC-48F2-8749-8B2123AFC1E5}.Debug|Any CPU.Build.0 = Debug|Any CPU
		{2AC0A1B1-02CC-48F2-8749-8B2123AFC1E5}.Release|Any CPU.ActiveCfg = Release|Any CPU
		{2AC0A1B1-02CC-48F2-8749-8B2123AFC1E5}.Release|Any CPU.Build.0 = Release|Any CPU
		{C067201F-9EF3-4668-A47B-B012DBEC0E9A}.Debug|Any CPU.ActiveCfg = Debug|Any CPU
		{C067201F-9EF3-4668-A47B-B012DBEC0E9A}.Debug|Any CPU.Build.0 = Debug|Any CPU
		{C067201F-9EF3-4668-A47B-B012DBEC0E9A}.Release|Any CPU.ActiveCfg = Release|Any CPU
		{C067201F-9EF3-4668-A47B-B012DBEC0E9A}.Release|Any CPU.Build.0 = Release|Any CPU
		{67AA156D-C13F-4EAA-93AD-2091DCDA827D}.Debug|Any CPU.ActiveCfg = Debug|Any CPU
		{67AA156D-C13F-4EAA-93AD-2091DCDA827D}.Debug|Any CPU.Build.0 = Debug|Any CPU
		{67AA156D-C13F-4EAA-93AD-2091DCDA827D}.Release|Any CPU.ActiveCfg = Release|Any CPU
		{67AA156D-C13F-4EAA-93AD-2091DCDA827D}.Release|Any CPU.Build.0 = Release|Any CPU
		{EA48D6FD-D6A2-489F-9FEA-B0EFDC1A5962}.Debug|Any CPU.ActiveCfg = Debug|Any CPU
		{EA48D6FD-D6A2-489F-9FEA-B0EFDC1A5962}.Debug|Any CPU.Build.0 = Debug|Any CPU
		{EA48D6FD-D6A2-489F-9FEA-B0EFDC1A5962}.Release|Any CPU.ActiveCfg = Release|Any CPU
		{EA48D6FD-D6A2-489F-9FEA-B0EFDC1A5962}.Release|Any CPU.Build.0 = Release|Any CPU
		{7370282D-0E46-4568-8A9E-5E237299E37E}.Debug|Any CPU.ActiveCfg = Debug|Any CPU
		{7370282D-0E46-4568-8A9E-5E237299E37E}.Debug|Any CPU.Build.0 = Debug|Any CPU
		{7370282D-0E46-4568-8A9E-5E237299E37E}.Release|Any CPU.ActiveCfg = Release|Any CPU
		{7370282D-0E46-4568-8A9E-5E237299E37E}.Release|Any CPU.Build.0 = Release|Any CPU
		{283D2D33-7A1C-4D47-9CE8-73F7C573FB5F}.Debug|Any CPU.ActiveCfg = Debug|Any CPU
		{283D2D33-7A1C-4D47-9CE8-73F7C573FB5F}.Debug|Any CPU.Build.0 = Debug|Any CPU
		{283D2D33-7A1C-4D47-9CE8-73F7C573FB5F}.Release|Any CPU.ActiveCfg = Release|Any CPU
		{283D2D33-7A1C-4D47-9CE8-73F7C573FB5F}.Release|Any CPU.Build.0 = Release|Any CPU
		{607A3B9C-33A8-484D-988B-340E6BFEAE7E}.Debug|Any CPU.ActiveCfg = Debug|Any CPU
		{607A3B9C-33A8-484D-988B-340E6BFEAE7E}.Debug|Any CPU.Build.0 = Debug|Any CPU
		{607A3B9C-33A8-484D-988B-340E6BFEAE7E}.Release|Any CPU.ActiveCfg = Release|Any CPU
		{607A3B9C-33A8-484D-988B-340E6BFEAE7E}.Release|Any CPU.Build.0 = Release|Any CPU
		{B15AB0EE-7018-4DE4-B3C5-6C26FDB72CE4}.Debug|Any CPU.ActiveCfg = Debug|Any CPU
		{B15AB0EE-7018-4DE4-B3C5-6C26FDB72CE4}.Debug|Any CPU.Build.0 = Debug|Any CPU
		{B15AB0EE-7018-4DE4-B3C5-6C26FDB72CE4}.Release|Any CPU.ActiveCfg = Release|Any CPU
		{B15AB0EE-7018-4DE4-B3C5-6C26FDB72CE4}.Release|Any CPU.Build.0 = Release|Any CPU
		{0F44FEE0-D533-4A21-955E-E9CDF46A30BA}.Debug|Any CPU.ActiveCfg = Debug|Any CPU
		{0F44FEE0-D533-4A21-955E-E9CDF46A30BA}.Debug|Any CPU.Build.0 = Debug|Any CPU
		{0F44FEE0-D533-4A21-955E-E9CDF46A30BA}.Release|Any CPU.ActiveCfg = Release|Any CPU
		{0F44FEE0-D533-4A21-955E-E9CDF46A30BA}.Release|Any CPU.Build.0 = Release|Any CPU
		{71257145-C867-42AF-823A-6AFF5566F572}.Debug|Any CPU.ActiveCfg = Debug|Any CPU
		{71257145-C867-42AF-823A-6AFF5566F572}.Debug|Any CPU.Build.0 = Debug|Any CPU
		{71257145-C867-42AF-823A-6AFF5566F572}.Release|Any CPU.ActiveCfg = Release|Any CPU
		{71257145-C867-42AF-823A-6AFF5566F572}.Release|Any CPU.Build.0 = Release|Any CPU
		{A138BB49-75D1-4E34-A31C-CE8A6839AE62}.Debug|Any CPU.ActiveCfg = Debug|Any CPU
		{A138BB49-75D1-4E34-A31C-CE8A6839AE62}.Debug|Any CPU.Build.0 = Debug|Any CPU
		{A138BB49-75D1-4E34-A31C-CE8A6839AE62}.Release|Any CPU.ActiveCfg = Release|Any CPU
		{A138BB49-75D1-4E34-A31C-CE8A6839AE62}.Release|Any CPU.Build.0 = Release|Any CPU
	EndGlobalSection
	GlobalSection(SolutionProperties) = preSolution
		HideSolutionNode = FALSE
	EndGlobalSection
EndGlobal
