
Microsoft Visual Studio Solution File, Format Version 12.00
# Visual Studio 15
VisualStudioVersion = 15.0.26430.6
MinimumVisualStudioVersion = 10.0.40219.1
Project("{FAE04EC0-301F-11D3-BF4B-00C04F79EFBC}") = "01zadanie", "01zadanie\01zadanie.csproj", "{DBA53CC8-A731-46DB-B018-EAD4E76DDC54}"
EndProject
Project("{FAE04EC0-301F-11D3-BF4B-00C04F79EFBC}") = "02zadanie", "02zadanie\02zadanie.csproj", "{3B6FB43C-E036-4383-A0B3-5F4C3CD03D40}"
EndProject
Project("{FAE04EC0-301F-11D3-BF4B-00C04F79EFBC}") = "03zadanie", "03zadanie\03zadanie.csproj", "{13FD8299-B3BA-4EE7-8029-98099277370E}"
EndProject
Project("{FAE04EC0-301F-11D3-BF4B-00C04F79EFBC}") = "05zadanie", "05zadanie\05zadanie.csproj", "{43AF435F-5C7C-4E77-8BAE-DAE8FB6E7D8C}"
EndProject
Project("{FAE04EC0-301F-11D3-BF4B-00C04F79EFBC}") = "06zadanie", "06zadanie\06zadanie.csproj", "{4A2A9246-C986-46E1-BF54-EB9A428A00E3}"
EndProject
Project("{FAE04EC0-301F-11D3-BF4B-00C04F79EFBC}") = "07zadanie", "07zadanie\07zadanie.csproj", "{21EA1112-FD64-40B0-8510-9B73B66D351F}"
EndProject
Project("{FAE04EC0-301F-11D3-BF4B-00C04F79EFBC}") = "10zadanie", "10zadanie\10zadanie.csproj", "{16957E41-5709-41A9-BC2B-0A510E53887A}"
EndProject
Project("{FAE04EC0-301F-11D3-BF4B-00C04F79EFBC}") = "11zadanie", "11zadanie\11zadanie.csproj", "{77EA8288-B092-45A6-817A-45CE776EAE0F}"
EndProject
Project("{FAE04EC0-301F-11D3-BF4B-00C04F79EFBC}") = "18zadanie", "18zadanie\18zadanie.csproj", "{DE233393-7C99-49CC-98A7-E2EA7260DBB0}"
EndProject
Project("{FAE04EC0-301F-11D3-BF4B-00C04F79EFBC}") = "19zadanie", "19zadanie\19zadanie.csproj", "{98BCEB5E-7DFA-4F3B-B838-CF8F890D6A46}"
EndProject
Project("{FAE04EC0-301F-11D3-BF4B-00C04F79EFBC}") = "22zadanie", "22zadanie\22zadanie.csproj", "{6DF4E986-D0F8-497D-A220-26C5E1CE2F63}"
EndProject
Project("{FAE04EC0-301F-11D3-BF4B-00C04F79EFBC}") = "222zadanie", "222zadanie\222zadanie.csproj", "{F99F7295-AA03-4D15-958B-67BCD7DDA331}"
EndProject
Global
	GlobalSection(SolutionConfigurationPlatforms) = preSolution
		Debug|Any CPU = Debug|Any CPU
		Release|Any CPU = Release|Any CPU
	EndGlobalSection
	GlobalSection(ProjectConfigurationPlatforms) = postSolution
		{DBA53CC8-A731-46DB-B018-EAD4E76DDC54}.Debug|Any CPU.ActiveCfg = Debug|Any CPU
		{DBA53CC8-A731-46DB-B018-EAD4E76DDC54}.Debug|Any CPU.Build.0 = Debug|Any CPU
		{DBA53CC8-A731-46DB-B018-EAD4E76DDC54}.Release|Any CPU.ActiveCfg = Release|Any CPU
		{DBA53CC8-A731-46DB-B018-EAD4E76DDC54}.Release|Any CPU.Build.0 = Release|Any CPU
		{3B6FB43C-E036-4383-A0B3-5F4C3CD03D40}.Debug|Any CPU.ActiveCfg = Debug|Any CPU
		{3B6FB43C-E036-4383-A0B3-5F4C3CD03D40}.Debug|Any CPU.Build.0 = Debug|Any CPU
		{3B6FB43C-E036-4383-A0B3-5F4C3CD03D40}.Release|Any CPU.ActiveCfg = Release|Any CPU
		{3B6FB43C-E036-4383-A0B3-5F4C3CD03D40}.Release|Any CPU.Build.0 = Release|Any CPU
		{13FD8299-B3BA-4EE7-8029-98099277370E}.Debug|Any CPU.ActiveCfg = Debug|Any CPU
		{13FD8299-B3BA-4EE7-8029-98099277370E}.Debug|Any CPU.Build.0 = Debug|Any CPU
		{13FD8299-B3BA-4EE7-8029-98099277370E}.Release|Any CPU.ActiveCfg = Release|Any CPU
		{13FD8299-B3BA-4EE7-8029-98099277370E}.Release|Any CPU.Build.0 = Release|Any CPU
		{43AF435F-5C7C-4E77-8BAE-DAE8FB6E7D8C}.Debug|Any CPU.ActiveCfg = Debug|Any CPU
		{43AF435F-5C7C-4E77-8BAE-DAE8FB6E7D8C}.Debug|Any CPU.Build.0 = Debug|Any CPU
		{43AF435F-5C7C-4E77-8BAE-DAE8FB6E7D8C}.Release|Any CPU.ActiveCfg = Release|Any CPU
		{43AF435F-5C7C-4E77-8BAE-DAE8FB6E7D8C}.Release|Any CPU.Build.0 = Release|Any CPU
		{4A2A9246-C986-46E1-BF54-EB9A428A00E3}.Debug|Any CPU.ActiveCfg = Debug|Any CPU
		{4A2A9246-C986-46E1-BF54-EB9A428A00E3}.Debug|Any CPU.Build.0 = Debug|Any CPU
		{4A2A9246-C986-46E1-BF54-EB9A428A00E3}.Release|Any CPU.ActiveCfg = Release|Any CPU
		{4A2A9246-C986-46E1-BF54-EB9A428A00E3}.Release|Any CPU.Build.0 = Release|Any CPU
		{21EA1112-FD64-40B0-8510-9B73B66D351F}.Debug|Any CPU.ActiveCfg = Debug|Any CPU
		{21EA1112-FD64-40B0-8510-9B73B66D351F}.Debug|Any CPU.Build.0 = Debug|Any CPU
		{21EA1112-FD64-40B0-8510-9B73B66D351F}.Release|Any CPU.ActiveCfg = Release|Any CPU
		{21EA1112-FD64-40B0-8510-9B73B66D351F}.Release|Any CPU.Build.0 = Release|Any CPU
		{16957E41-5709-41A9-BC2B-0A510E53887A}.Debug|Any CPU.ActiveCfg = Debug|Any CPU
		{16957E41-5709-41A9-BC2B-0A510E53887A}.Debug|Any CPU.Build.0 = Debug|Any CPU
		{16957E41-5709-41A9-BC2B-0A510E53887A}.Release|Any CPU.ActiveCfg = Release|Any CPU
		{16957E41-5709-41A9-BC2B-0A510E53887A}.Release|Any CPU.Build.0 = Release|Any CPU
		{77EA8288-B092-45A6-817A-45CE776EAE0F}.Debug|Any CPU.ActiveCfg = Debug|Any CPU
		{77EA8288-B092-45A6-817A-45CE776EAE0F}.Debug|Any CPU.Build.0 = Debug|Any CPU
		{77EA8288-B092-45A6-817A-45CE776EAE0F}.Release|Any CPU.ActiveCfg = Release|Any CPU
		{77EA8288-B092-45A6-817A-45CE776EAE0F}.Release|Any CPU.Build.0 = Release|Any CPU
		{DE233393-7C99-49CC-98A7-E2EA7260DBB0}.Debug|Any CPU.ActiveCfg = Debug|Any CPU
		{DE233393-7C99-49CC-98A7-E2EA7260DBB0}.Debug|Any CPU.Build.0 = Debug|Any CPU
		{DE233393-7C99-49CC-98A7-E2EA7260DBB0}.Release|Any CPU.ActiveCfg = Release|Any CPU
		{DE233393-7C99-49CC-98A7-E2EA7260DBB0}.Release|Any CPU.Build.0 = Release|Any CPU
		{98BCEB5E-7DFA-4F3B-B838-CF8F890D6A46}.Debug|Any CPU.ActiveCfg = Debug|Any CPU
		{98BCEB5E-7DFA-4F3B-B838-CF8F890D6A46}.Debug|Any CPU.Build.0 = Debug|Any CPU
		{98BCEB5E-7DFA-4F3B-B838-CF8F890D6A46}.Release|Any CPU.ActiveCfg = Release|Any CPU
		{98BCEB5E-7DFA-4F3B-B838-CF8F890D6A46}.Release|Any CPU.Build.0 = Release|Any CPU
		{6DF4E986-D0F8-497D-A220-26C5E1CE2F63}.Debug|Any CPU.ActiveCfg = Debug|Any CPU
		{6DF4E986-D0F8-497D-A220-26C5E1CE2F63}.Debug|Any CPU.Build.0 = Debug|Any CPU
		{6DF4E986-D0F8-497D-A220-26C5E1CE2F63}.Release|Any CPU.ActiveCfg = Release|Any CPU
		{6DF4E986-D0F8-497D-A220-26C5E1CE2F63}.Release|Any CPU.Build.0 = Release|Any CPU
		{F99F7295-AA03-4D15-958B-67BCD7DDA331}.Debug|Any CPU.ActiveCfg = Debug|Any CPU
		{F99F7295-AA03-4D15-958B-67BCD7DDA331}.Debug|Any CPU.Build.0 = Debug|Any CPU
		{F99F7295-AA03-4D15-958B-67BCD7DDA331}.Release|Any CPU.ActiveCfg = Release|Any CPU
		{F99F7295-AA03-4D15-958B-67BCD7DDA331}.Release|Any CPU.Build.0 = Release|Any CPU
	EndGlobalSection
	GlobalSection(SolutionProperties) = preSolution
		HideSolutionNode = FALSE
	EndGlobalSection
EndGlobal
